
Microsoft Visual Studio Solution File, Format Version 12.00
# Visual Studio 14
VisualStudioVersion = 14.0.25420.1
MinimumVisualStudioVersion = 10.0.40219.1
Project("{8BC9CEB8-8B4A-11D0-8D11-00A0C91BC942}") = "Tester", "Tester\Tester.vcxproj", "{A3D3560C-25C4-44F4-BE91-1D3B99989D51}"
	ProjectSection(ProjectDependencies) = postProject
		{49C9C826-4B8F-404F-A57C-36DF4A534135} = {49C9C826-4B8F-404F-A57C-36DF4A534135}
		{DD0F0A37-4355-417A-B021-FDDC57924F54} = {DD0F0A37-4355-417A-B021-FDDC57924F54}
		{E6C0B939-7B47-4840-98C5-BE41C0972843} = {E6C0B939-7B47-4840-98C5-BE41C0972843}
		{5E6F766E-BD52-43B1-B006-B2845C9F0947} = {5E6F766E-BD52-43B1-B006-B2845C9F0947}
		{0A7A0370-9893-4D6E-AF1E-C0A88068B0B3} = {0A7A0370-9893-4D6E-AF1E-C0A88068B0B3}
		{B421DC87-731F-41EE-8F22-BA7B90E3A5DB} = {B421DC87-731F-41EE-8F22-BA7B90E3A5DB}
		{26CA4489-4522-4CDC-8D94-DBF1AAD36C6C} = {26CA4489-4522-4CDC-8D94-DBF1AAD36C6C}
		{B7125AD0-61F4-4A4E-A931-C7C846D9BF3A} = {B7125AD0-61F4-4A4E-A931-C7C846D9BF3A}
		{4B5ABBDD-6A78-4268-926C-239453EE0808} = {4B5ABBDD-6A78-4268-926C-239453EE0808}
		{700DD1E1-5A1F-4011-BC3B-717F4C525441} = {700DD1E1-5A1F-4011-BC3B-717F4C525441}
	EndProjectSection
EndProject
Project("{8BC9CEB8-8B4A-11D0-8D11-00A0C91BC942}") = "MyUtils", "MyUtils\MyUtils.vcxproj", "{DD0F0A37-4355-417A-B021-FDDC57924F54}"
EndProject
Project("{8BC9CEB8-8B4A-11D0-8D11-00A0C91BC942}") = "MyMatrix", "MyMatrix\MyMatrix.vcxproj", "{B7125AD0-61F4-4A4E-A931-C7C846D9BF3A}"
EndProject
Project("{8BC9CEB8-8B4A-11D0-8D11-00A0C91BC942}") = "MyTimeSeries", "MyTimeSeries\MyTimeSeries.vcxproj", "{5E6F766E-BD52-43B1-B006-B2845C9F0947}"
	ProjectSection(ProjectDependencies) = postProject
		{49C9C826-4B8F-404F-A57C-36DF4A534135} = {49C9C826-4B8F-404F-A57C-36DF4A534135}
		{DD0F0A37-4355-417A-B021-FDDC57924F54} = {DD0F0A37-4355-417A-B021-FDDC57924F54}
		{B421DC87-731F-41EE-8F22-BA7B90E3A5DB} = {B421DC87-731F-41EE-8F22-BA7B90E3A5DB}
	EndProjectSection
EndProject
Project("{8BC9CEB8-8B4A-11D0-8D11-00A0C91BC942}") = "MyGA", "MyGA\MyGA.vcxproj", "{0A7A0370-9893-4D6E-AF1E-C0A88068B0B3}"
	ProjectSection(ProjectDependencies) = postProject
		{49C9C826-4B8F-404F-A57C-36DF4A534135} = {49C9C826-4B8F-404F-A57C-36DF4A534135}
	EndProjectSection
EndProject
Project("{8BC9CEB8-8B4A-11D0-8D11-00A0C91BC942}") = "MySOM", "MySOM\MySOM.vcxproj", "{E6C0B939-7B47-4840-98C5-BE41C0972843}"
	ProjectSection(ProjectDependencies) = postProject
		{DD0F0A37-4355-417A-B021-FDDC57924F54} = {DD0F0A37-4355-417A-B021-FDDC57924F54}
	EndProjectSection
EndProject
Project("{2150E333-8FDC-42A3-9474-1A3956D46DE8}") = "Solution Items", "Solution Items", "{04ED7492-1DBC-4647-84B3-602443797C54}"
	ProjectSection(SolutionItems) = preProject
		include\AlgoDB.h = include\AlgoDB.h
		include\DataShape.h = include\DataShape.h
		include\DBConnection.h = include\DBConnection.h
		include\FileData.h = include\FileData.h
		include\FXData.h = include\FXData.h
		include\MyEngines.h = include\MyEngines.h
		include\MyLogDefs.h = include\MyLogDefs.h
		ReadMe.txt = ReadMe.txt
		include\TSF.h = include\TSF.h
	EndProjectSection
EndProject
Project("{8BC9CEB8-8B4A-11D0-8D11-00A0C91BC942}") = "Wavelib", "Wavelib\Wavelib.vcxproj", "{700DD1E1-5A1F-4011-BC3B-717F4C525441}"
EndProject
Project("{8BC9CEB8-8B4A-11D0-8D11-00A0C91BC942}") = "MyEnums", "MyEnums\MyEnums.vcxproj", "{26CA4489-4522-4CDC-8D94-DBF1AAD36C6C}"
	ProjectSection(ProjectDependencies) = postProject
		{49C9C826-4B8F-404F-A57C-36DF4A534135} = {49C9C826-4B8F-404F-A57C-36DF4A534135}
		{DD0F0A37-4355-417A-B021-FDDC57924F54} = {DD0F0A37-4355-417A-B021-FDDC57924F54}
	EndProjectSection
EndProject
Project("{8BC9CEB8-8B4A-11D0-8D11-00A0C91BC942}") = "MyLogger", "MyLogger\MyLogger.vcxproj", "{49C9C826-4B8F-404F-A57C-36DF4A534135}"
	ProjectSection(ProjectDependencies) = postProject
		{B421DC87-731F-41EE-8F22-BA7B90E3A5DB} = {B421DC87-731F-41EE-8F22-BA7B90E3A5DB}
	EndProjectSection
EndProject
Project("{8BC9CEB8-8B4A-11D0-8D11-00A0C91BC942}") = "MyNN", "MyNN\MyNN.vcxproj", "{F28B5056-7CFB-4AC5-B1EE-5408C0B5D553}"
	ProjectSection(ProjectDependencies) = postProject
		{49C9C826-4B8F-404F-A57C-36DF4A534135} = {49C9C826-4B8F-404F-A57C-36DF4A534135}
		{DD0F0A37-4355-417A-B021-FDDC57924F54} = {DD0F0A37-4355-417A-B021-FDDC57924F54}
		{B7125AD0-61F4-4A4E-A931-C7C846D9BF3A} = {B7125AD0-61F4-4A4E-A931-C7C846D9BF3A}
	EndProjectSection
EndProject
Project("{8BC9CEB8-8B4A-11D0-8D11-00A0C91BC942}") = "MyWNN", "MyWNN\MyWNN.vcxproj", "{E241FF15-E576-43A4-BAAE-7C91A5AC72D4}"
	ProjectSection(ProjectDependencies) = postProject
		{DD0F0A37-4355-417A-B021-FDDC57924F54} = {DD0F0A37-4355-417A-B021-FDDC57924F54}
		{F28B5056-7CFB-4AC5-B1EE-5408C0B5D553} = {F28B5056-7CFB-4AC5-B1EE-5408C0B5D553}
		{700DD1E1-5A1F-4011-BC3B-717F4C525441} = {700DD1E1-5A1F-4011-BC3B-717F4C525441}
	EndProjectSection
EndProject
Project("{8BC9CEB8-8B4A-11D0-8D11-00A0C91BC942}") = "MyForecast", "MyForecast\MyForecast.vcxproj", "{4B5ABBDD-6A78-4268-926C-239453EE0808}"
	ProjectSection(ProjectDependencies) = postProject
		{E241FF15-E576-43A4-BAAE-7C91A5AC72D4} = {E241FF15-E576-43A4-BAAE-7C91A5AC72D4}
		{49C9C826-4B8F-404F-A57C-36DF4A534135} = {49C9C826-4B8F-404F-A57C-36DF4A534135}
		{DD0F0A37-4355-417A-B021-FDDC57924F54} = {DD0F0A37-4355-417A-B021-FDDC57924F54}
		{E6C0B939-7B47-4840-98C5-BE41C0972843} = {E6C0B939-7B47-4840-98C5-BE41C0972843}
		{F28B5056-7CFB-4AC5-B1EE-5408C0B5D553} = {F28B5056-7CFB-4AC5-B1EE-5408C0B5D553}
		{3BA1826D-C2FB-4042-9B71-CC838417330F} = {3BA1826D-C2FB-4042-9B71-CC838417330F}
		{5E6F766E-BD52-43B1-B006-B2845C9F0947} = {5E6F766E-BD52-43B1-B006-B2845C9F0947}
		{0A7A0370-9893-4D6E-AF1E-C0A88068B0B3} = {0A7A0370-9893-4D6E-AF1E-C0A88068B0B3}
		{C442F696-9618-4A83-BA65-F7124C35FB89} = {C442F696-9618-4A83-BA65-F7124C35FB89}
	EndProjectSection
EndProject
Project("{8BC9CEB8-8B4A-11D0-8D11-00A0C91BC942}") = "MyOraUtils", "MyOraUtils\MyOraUtils.vcxproj", "{B421DC87-731F-41EE-8F22-BA7B90E3A5DB}"
	ProjectSection(ProjectDependencies) = postProject
		{DD0F0A37-4355-417A-B021-FDDC57924F54} = {DD0F0A37-4355-417A-B021-FDDC57924F54}
	EndProjectSection
EndProject
Project("{8BC9CEB8-8B4A-11D0-8D11-00A0C91BC942}") = "MySVM", "MySVM\MySVM.vcxproj", "{C442F696-9618-4A83-BA65-F7124C35FB89}"
	ProjectSection(ProjectDependencies) = postProject
		{49C9C826-4B8F-404F-A57C-36DF4A534135} = {49C9C826-4B8F-404F-A57C-36DF4A534135}
	EndProjectSection
EndProject
Project("{8BC9CEB8-8B4A-11D0-8D11-00A0C91BC942}") = "MyXIE", "MyXIE\MyXIE.vcxproj", "{3BA1826D-C2FB-4042-9B71-CC838417330F}"
	ProjectSection(ProjectDependencies) = postProject
		{DD0F0A37-4355-417A-B021-FDDC57924F54} = {DD0F0A37-4355-417A-B021-FDDC57924F54}
		{F28B5056-7CFB-4AC5-B1EE-5408C0B5D553} = {F28B5056-7CFB-4AC5-B1EE-5408C0B5D553}
	EndProjectSection
EndProject
Project("{8BC9CEB8-8B4A-11D0-8D11-00A0C91BC942}") = "kaz", "kaz\kaz.vcxproj", "{4AA374FA-1378-4838-B5CA-F717282AF166}"
	ProjectSection(ProjectDependencies) = postProject
		{4B5ABBDD-6A78-4268-926C-239453EE0808} = {4B5ABBDD-6A78-4268-926C-239453EE0808}
	EndProjectSection
EndProject
Project("{8BC9CEB8-8B4A-11D0-8D11-00A0C91BC942}") = "Tester-Multi", "Tester-Multi\Tester-Multi.vcxproj", "{68D511FC-4853-45A8-A9D2-0350AB1575AB}"
EndProject
Global
	GlobalSection(SolutionConfigurationPlatforms) = preSolution
		Debug|Any CPU = Debug|Any CPU
		Debug|Mixed Platforms = Debug|Mixed Platforms
		Debug|Win32 = Debug|Win32
		Debug|x64 = Debug|x64
		Debug|x86 = Debug|x86
		No_Orcl|Any CPU = No_Orcl|Any CPU
		No_Orcl|Mixed Platforms = No_Orcl|Mixed Platforms
		No_Orcl|Win32 = No_Orcl|Win32
		No_Orcl|x64 = No_Orcl|x64
		No_Orcl|x86 = No_Orcl|x86
		Release|Any CPU = Release|Any CPU
		Release|Mixed Platforms = Release|Mixed Platforms
		Release|Win32 = Release|Win32
		Release|x64 = Release|x64
		Release|x86 = Release|x86
	EndGlobalSection
	GlobalSection(ProjectConfigurationPlatforms) = postSolution
		{A3D3560C-25C4-44F4-BE91-1D3B99989D51}.Debug|Any CPU.ActiveCfg = Debug|Win32
		{A3D3560C-25C4-44F4-BE91-1D3B99989D51}.Debug|Mixed Platforms.ActiveCfg = Debug|Win32
		{A3D3560C-25C4-44F4-BE91-1D3B99989D51}.Debug|Mixed Platforms.Build.0 = Debug|Win32
		{A3D3560C-25C4-44F4-BE91-1D3B99989D51}.Debug|Win32.ActiveCfg = Debug|Win32
		{A3D3560C-25C4-44F4-BE91-1D3B99989D51}.Debug|Win32.Build.0 = Debug|Win32
		{A3D3560C-25C4-44F4-BE91-1D3B99989D51}.Debug|x64.ActiveCfg = Debug|x64
		{A3D3560C-25C4-44F4-BE91-1D3B99989D51}.Debug|x64.Build.0 = Debug|x64
		{A3D3560C-25C4-44F4-BE91-1D3B99989D51}.Debug|x86.ActiveCfg = Debug|Win32
		{A3D3560C-25C4-44F4-BE91-1D3B99989D51}.Debug|x86.Build.0 = Debug|Win32
		{A3D3560C-25C4-44F4-BE91-1D3B99989D51}.No_Orcl|Any CPU.ActiveCfg = No_Orcl|Win32
		{A3D3560C-25C4-44F4-BE91-1D3B99989D51}.No_Orcl|Mixed Platforms.ActiveCfg = No_Orcl|Win32
		{A3D3560C-25C4-44F4-BE91-1D3B99989D51}.No_Orcl|Mixed Platforms.Build.0 = No_Orcl|Win32
		{A3D3560C-25C4-44F4-BE91-1D3B99989D51}.No_Orcl|Win32.ActiveCfg = No_Orcl|Win32
		{A3D3560C-25C4-44F4-BE91-1D3B99989D51}.No_Orcl|Win32.Build.0 = No_Orcl|Win32
		{A3D3560C-25C4-44F4-BE91-1D3B99989D51}.No_Orcl|x64.ActiveCfg = No_Orcl|x64
		{A3D3560C-25C4-44F4-BE91-1D3B99989D51}.No_Orcl|x64.Build.0 = No_Orcl|x64
		{A3D3560C-25C4-44F4-BE91-1D3B99989D51}.No_Orcl|x86.ActiveCfg = No_Orcl|Win32
		{A3D3560C-25C4-44F4-BE91-1D3B99989D51}.No_Orcl|x86.Build.0 = No_Orcl|Win32
		{A3D3560C-25C4-44F4-BE91-1D3B99989D51}.Release|Any CPU.ActiveCfg = Release|Win32
		{A3D3560C-25C4-44F4-BE91-1D3B99989D51}.Release|Mixed Platforms.ActiveCfg = Release|Win32
		{A3D3560C-25C4-44F4-BE91-1D3B99989D51}.Release|Mixed Platforms.Build.0 = Release|Win32
		{A3D3560C-25C4-44F4-BE91-1D3B99989D51}.Release|Win32.ActiveCfg = Release|Win32
		{A3D3560C-25C4-44F4-BE91-1D3B99989D51}.Release|Win32.Build.0 = Release|Win32
		{A3D3560C-25C4-44F4-BE91-1D3B99989D51}.Release|x64.ActiveCfg = Release|x64
		{A3D3560C-25C4-44F4-BE91-1D3B99989D51}.Release|x64.Build.0 = Release|x64
		{A3D3560C-25C4-44F4-BE91-1D3B99989D51}.Release|x86.ActiveCfg = Release|Win32
		{A3D3560C-25C4-44F4-BE91-1D3B99989D51}.Release|x86.Build.0 = Release|Win32
		{DD0F0A37-4355-417A-B021-FDDC57924F54}.Debug|Any CPU.ActiveCfg = Debug|Win32
		{DD0F0A37-4355-417A-B021-FDDC57924F54}.Debug|Mixed Platforms.ActiveCfg = Debug|Win32
		{DD0F0A37-4355-417A-B021-FDDC57924F54}.Debug|Mixed Platforms.Build.0 = Debug|Win32
		{DD0F0A37-4355-417A-B021-FDDC57924F54}.Debug|Win32.ActiveCfg = Debug|Win32
		{DD0F0A37-4355-417A-B021-FDDC57924F54}.Debug|Win32.Build.0 = Debug|Win32
		{DD0F0A37-4355-417A-B021-FDDC57924F54}.Debug|x64.ActiveCfg = Debug|x64
		{DD0F0A37-4355-417A-B021-FDDC57924F54}.Debug|x64.Build.0 = Debug|x64
		{DD0F0A37-4355-417A-B021-FDDC57924F54}.Debug|x86.ActiveCfg = Debug|Win32
		{DD0F0A37-4355-417A-B021-FDDC57924F54}.Debug|x86.Build.0 = Debug|Win32
		{DD0F0A37-4355-417A-B021-FDDC57924F54}.No_Orcl|Any CPU.ActiveCfg = No_Orcl|Win32
		{DD0F0A37-4355-417A-B021-FDDC57924F54}.No_Orcl|Mixed Platforms.ActiveCfg = No_Orcl|Win32
		{DD0F0A37-4355-417A-B021-FDDC57924F54}.No_Orcl|Mixed Platforms.Build.0 = No_Orcl|Win32
		{DD0F0A37-4355-417A-B021-FDDC57924F54}.No_Orcl|Win32.ActiveCfg = No_Orcl|Win32
		{DD0F0A37-4355-417A-B021-FDDC57924F54}.No_Orcl|Win32.Build.0 = No_Orcl|Win32
		{DD0F0A37-4355-417A-B021-FDDC57924F54}.No_Orcl|x64.ActiveCfg = No_Orcl|x64
		{DD0F0A37-4355-417A-B021-FDDC57924F54}.No_Orcl|x64.Build.0 = No_Orcl|x64
		{DD0F0A37-4355-417A-B021-FDDC57924F54}.No_Orcl|x86.ActiveCfg = No_Orcl|Win32
		{DD0F0A37-4355-417A-B021-FDDC57924F54}.No_Orcl|x86.Build.0 = No_Orcl|Win32
		{DD0F0A37-4355-417A-B021-FDDC57924F54}.Release|Any CPU.ActiveCfg = Release|Win32
		{DD0F0A37-4355-417A-B021-FDDC57924F54}.Release|Mixed Platforms.ActiveCfg = Release|Win32
		{DD0F0A37-4355-417A-B021-FDDC57924F54}.Release|Mixed Platforms.Build.0 = Release|Win32
		{DD0F0A37-4355-417A-B021-FDDC57924F54}.Release|Win32.ActiveCfg = Release|Win32
		{DD0F0A37-4355-417A-B021-FDDC57924F54}.Release|Win32.Build.0 = Release|Win32
		{DD0F0A37-4355-417A-B021-FDDC57924F54}.Release|x64.ActiveCfg = Release|x64
		{DD0F0A37-4355-417A-B021-FDDC57924F54}.Release|x64.Build.0 = Release|x64
		{DD0F0A37-4355-417A-B021-FDDC57924F54}.Release|x86.ActiveCfg = Release|Win32
		{DD0F0A37-4355-417A-B021-FDDC57924F54}.Release|x86.Build.0 = Release|Win32
		{B7125AD0-61F4-4A4E-A931-C7C846D9BF3A}.Debug|Any CPU.ActiveCfg = Debug|Win32
		{B7125AD0-61F4-4A4E-A931-C7C846D9BF3A}.Debug|Mixed Platforms.ActiveCfg = Debug|Win32
		{B7125AD0-61F4-4A4E-A931-C7C846D9BF3A}.Debug|Mixed Platforms.Build.0 = Debug|Win32
		{B7125AD0-61F4-4A4E-A931-C7C846D9BF3A}.Debug|Win32.ActiveCfg = Debug|Win32
		{B7125AD0-61F4-4A4E-A931-C7C846D9BF3A}.Debug|Win32.Build.0 = Debug|Win32
		{B7125AD0-61F4-4A4E-A931-C7C846D9BF3A}.Debug|x64.ActiveCfg = Debug|x64
		{B7125AD0-61F4-4A4E-A931-C7C846D9BF3A}.Debug|x64.Build.0 = Debug|x64
		{B7125AD0-61F4-4A4E-A931-C7C846D9BF3A}.Debug|x86.ActiveCfg = Debug|Win32
		{B7125AD0-61F4-4A4E-A931-C7C846D9BF3A}.Debug|x86.Build.0 = Debug|Win32
		{B7125AD0-61F4-4A4E-A931-C7C846D9BF3A}.No_Orcl|Any CPU.ActiveCfg = No_Orcl|Win32
		{B7125AD0-61F4-4A4E-A931-C7C846D9BF3A}.No_Orcl|Mixed Platforms.ActiveCfg = No_Orcl|Win32
		{B7125AD0-61F4-4A4E-A931-C7C846D9BF3A}.No_Orcl|Mixed Platforms.Build.0 = No_Orcl|Win32
		{B7125AD0-61F4-4A4E-A931-C7C846D9BF3A}.No_Orcl|Win32.ActiveCfg = No_Orcl|Win32
		{B7125AD0-61F4-4A4E-A931-C7C846D9BF3A}.No_Orcl|Win32.Build.0 = No_Orcl|Win32
		{B7125AD0-61F4-4A4E-A931-C7C846D9BF3A}.No_Orcl|x64.ActiveCfg = No_Orcl|x64
		{B7125AD0-61F4-4A4E-A931-C7C846D9BF3A}.No_Orcl|x64.Build.0 = No_Orcl|x64
		{B7125AD0-61F4-4A4E-A931-C7C846D9BF3A}.No_Orcl|x86.ActiveCfg = No_Orcl|Win32
		{B7125AD0-61F4-4A4E-A931-C7C846D9BF3A}.No_Orcl|x86.Build.0 = No_Orcl|Win32
		{B7125AD0-61F4-4A4E-A931-C7C846D9BF3A}.Release|Any CPU.ActiveCfg = Release|Win32
		{B7125AD0-61F4-4A4E-A931-C7C846D9BF3A}.Release|Mixed Platforms.ActiveCfg = Release|Win32
		{B7125AD0-61F4-4A4E-A931-C7C846D9BF3A}.Release|Mixed Platforms.Build.0 = Release|Win32
		{B7125AD0-61F4-4A4E-A931-C7C846D9BF3A}.Release|Win32.ActiveCfg = Release|Win32
		{B7125AD0-61F4-4A4E-A931-C7C846D9BF3A}.Release|Win32.Build.0 = Release|Win32
		{B7125AD0-61F4-4A4E-A931-C7C846D9BF3A}.Release|x64.ActiveCfg = Release|x64
		{B7125AD0-61F4-4A4E-A931-C7C846D9BF3A}.Release|x64.Build.0 = Release|x64
		{B7125AD0-61F4-4A4E-A931-C7C846D9BF3A}.Release|x86.ActiveCfg = Release|Win32
		{B7125AD0-61F4-4A4E-A931-C7C846D9BF3A}.Release|x86.Build.0 = Release|Win32
		{5E6F766E-BD52-43B1-B006-B2845C9F0947}.Debug|Any CPU.ActiveCfg = Debug|Win32
		{5E6F766E-BD52-43B1-B006-B2845C9F0947}.Debug|Mixed Platforms.ActiveCfg = Debug|Win32
		{5E6F766E-BD52-43B1-B006-B2845C9F0947}.Debug|Mixed Platforms.Build.0 = Debug|Win32
		{5E6F766E-BD52-43B1-B006-B2845C9F0947}.Debug|Win32.ActiveCfg = Debug|Win32
		{5E6F766E-BD52-43B1-B006-B2845C9F0947}.Debug|Win32.Build.0 = Debug|Win32
		{5E6F766E-BD52-43B1-B006-B2845C9F0947}.Debug|x64.ActiveCfg = Debug|x64
		{5E6F766E-BD52-43B1-B006-B2845C9F0947}.Debug|x64.Build.0 = Debug|x64
		{5E6F766E-BD52-43B1-B006-B2845C9F0947}.Debug|x86.ActiveCfg = Debug|Win32
		{5E6F766E-BD52-43B1-B006-B2845C9F0947}.Debug|x86.Build.0 = Debug|Win32
		{5E6F766E-BD52-43B1-B006-B2845C9F0947}.No_Orcl|Any CPU.ActiveCfg = No_Orcl|Win32
		{5E6F766E-BD52-43B1-B006-B2845C9F0947}.No_Orcl|Mixed Platforms.ActiveCfg = No_Orcl|Win32
		{5E6F766E-BD52-43B1-B006-B2845C9F0947}.No_Orcl|Mixed Platforms.Build.0 = No_Orcl|Win32
		{5E6F766E-BD52-43B1-B006-B2845C9F0947}.No_Orcl|Win32.ActiveCfg = No_Orcl|Win32
		{5E6F766E-BD52-43B1-B006-B2845C9F0947}.No_Orcl|Win32.Build.0 = No_Orcl|Win32
		{5E6F766E-BD52-43B1-B006-B2845C9F0947}.No_Orcl|x64.ActiveCfg = No_Orcl|x64
		{5E6F766E-BD52-43B1-B006-B2845C9F0947}.No_Orcl|x64.Build.0 = No_Orcl|x64
		{5E6F766E-BD52-43B1-B006-B2845C9F0947}.No_Orcl|x86.ActiveCfg = No_Orcl|Win32
		{5E6F766E-BD52-43B1-B006-B2845C9F0947}.No_Orcl|x86.Build.0 = No_Orcl|Win32
		{5E6F766E-BD52-43B1-B006-B2845C9F0947}.Release|Any CPU.ActiveCfg = Release|Win32
		{5E6F766E-BD52-43B1-B006-B2845C9F0947}.Release|Mixed Platforms.ActiveCfg = Release|Win32
		{5E6F766E-BD52-43B1-B006-B2845C9F0947}.Release|Mixed Platforms.Build.0 = Release|Win32
		{5E6F766E-BD52-43B1-B006-B2845C9F0947}.Release|Win32.ActiveCfg = Release|Win32
		{5E6F766E-BD52-43B1-B006-B2845C9F0947}.Release|Win32.Build.0 = Release|Win32
		{5E6F766E-BD52-43B1-B006-B2845C9F0947}.Release|x64.ActiveCfg = Release|x64
		{5E6F766E-BD52-43B1-B006-B2845C9F0947}.Release|x64.Build.0 = Release|x64
		{5E6F766E-BD52-43B1-B006-B2845C9F0947}.Release|x86.ActiveCfg = Release|Win32
		{5E6F766E-BD52-43B1-B006-B2845C9F0947}.Release|x86.Build.0 = Release|Win32
		{0A7A0370-9893-4D6E-AF1E-C0A88068B0B3}.Debug|Any CPU.ActiveCfg = Debug|Win32
		{0A7A0370-9893-4D6E-AF1E-C0A88068B0B3}.Debug|Mixed Platforms.ActiveCfg = Debug|Win32
		{0A7A0370-9893-4D6E-AF1E-C0A88068B0B3}.Debug|Mixed Platforms.Build.0 = Debug|Win32
		{0A7A0370-9893-4D6E-AF1E-C0A88068B0B3}.Debug|Win32.ActiveCfg = Debug|Win32
		{0A7A0370-9893-4D6E-AF1E-C0A88068B0B3}.Debug|Win32.Build.0 = Debug|Win32
		{0A7A0370-9893-4D6E-AF1E-C0A88068B0B3}.Debug|x64.ActiveCfg = Debug|x64
		{0A7A0370-9893-4D6E-AF1E-C0A88068B0B3}.Debug|x64.Build.0 = Debug|x64
		{0A7A0370-9893-4D6E-AF1E-C0A88068B0B3}.Debug|x86.ActiveCfg = Debug|Win32
		{0A7A0370-9893-4D6E-AF1E-C0A88068B0B3}.Debug|x86.Build.0 = Debug|Win32
		{0A7A0370-9893-4D6E-AF1E-C0A88068B0B3}.No_Orcl|Any CPU.ActiveCfg = No_Orcl|Win32
		{0A7A0370-9893-4D6E-AF1E-C0A88068B0B3}.No_Orcl|Mixed Platforms.ActiveCfg = No_Orcl|Win32
		{0A7A0370-9893-4D6E-AF1E-C0A88068B0B3}.No_Orcl|Mixed Platforms.Build.0 = No_Orcl|Win32
		{0A7A0370-9893-4D6E-AF1E-C0A88068B0B3}.No_Orcl|Win32.ActiveCfg = No_Orcl|Win32
		{0A7A0370-9893-4D6E-AF1E-C0A88068B0B3}.No_Orcl|Win32.Build.0 = No_Orcl|Win32
		{0A7A0370-9893-4D6E-AF1E-C0A88068B0B3}.No_Orcl|x64.ActiveCfg = No_Orcl|x64
		{0A7A0370-9893-4D6E-AF1E-C0A88068B0B3}.No_Orcl|x64.Build.0 = No_Orcl|x64
		{0A7A0370-9893-4D6E-AF1E-C0A88068B0B3}.No_Orcl|x86.ActiveCfg = No_Orcl|Win32
		{0A7A0370-9893-4D6E-AF1E-C0A88068B0B3}.No_Orcl|x86.Build.0 = No_Orcl|Win32
		{0A7A0370-9893-4D6E-AF1E-C0A88068B0B3}.Release|Any CPU.ActiveCfg = Release|Win32
		{0A7A0370-9893-4D6E-AF1E-C0A88068B0B3}.Release|Mixed Platforms.ActiveCfg = Release|Win32
		{0A7A0370-9893-4D6E-AF1E-C0A88068B0B3}.Release|Mixed Platforms.Build.0 = Release|Win32
		{0A7A0370-9893-4D6E-AF1E-C0A88068B0B3}.Release|Win32.ActiveCfg = Release|Win32
		{0A7A0370-9893-4D6E-AF1E-C0A88068B0B3}.Release|Win32.Build.0 = Release|Win32
		{0A7A0370-9893-4D6E-AF1E-C0A88068B0B3}.Release|x64.ActiveCfg = Release|x64
		{0A7A0370-9893-4D6E-AF1E-C0A88068B0B3}.Release|x64.Build.0 = Release|x64
		{0A7A0370-9893-4D6E-AF1E-C0A88068B0B3}.Release|x86.ActiveCfg = Release|Win32
		{0A7A0370-9893-4D6E-AF1E-C0A88068B0B3}.Release|x86.Build.0 = Release|Win32
		{E6C0B939-7B47-4840-98C5-BE41C0972843}.Debug|Any CPU.ActiveCfg = Debug|Win32
		{E6C0B939-7B47-4840-98C5-BE41C0972843}.Debug|Mixed Platforms.ActiveCfg = Debug|Win32
		{E6C0B939-7B47-4840-98C5-BE41C0972843}.Debug|Mixed Platforms.Build.0 = Debug|Win32
		{E6C0B939-7B47-4840-98C5-BE41C0972843}.Debug|Win32.ActiveCfg = Debug|Win32
		{E6C0B939-7B47-4840-98C5-BE41C0972843}.Debug|Win32.Build.0 = Debug|Win32
		{E6C0B939-7B47-4840-98C5-BE41C0972843}.Debug|x64.ActiveCfg = Debug|x64
		{E6C0B939-7B47-4840-98C5-BE41C0972843}.Debug|x64.Build.0 = Debug|x64
		{E6C0B939-7B47-4840-98C5-BE41C0972843}.Debug|x86.ActiveCfg = Debug|Win32
		{E6C0B939-7B47-4840-98C5-BE41C0972843}.Debug|x86.Build.0 = Debug|Win32
		{E6C0B939-7B47-4840-98C5-BE41C0972843}.No_Orcl|Any CPU.ActiveCfg = No_Orcl|Win32
		{E6C0B939-7B47-4840-98C5-BE41C0972843}.No_Orcl|Mixed Platforms.ActiveCfg = No_Orcl|Win32
		{E6C0B939-7B47-4840-98C5-BE41C0972843}.No_Orcl|Mixed Platforms.Build.0 = No_Orcl|Win32
		{E6C0B939-7B47-4840-98C5-BE41C0972843}.No_Orcl|Win32.ActiveCfg = No_Orcl|Win32
		{E6C0B939-7B47-4840-98C5-BE41C0972843}.No_Orcl|Win32.Build.0 = No_Orcl|Win32
		{E6C0B939-7B47-4840-98C5-BE41C0972843}.No_Orcl|x64.ActiveCfg = No_Orcl|x64
		{E6C0B939-7B47-4840-98C5-BE41C0972843}.No_Orcl|x64.Build.0 = No_Orcl|x64
		{E6C0B939-7B47-4840-98C5-BE41C0972843}.No_Orcl|x86.ActiveCfg = No_Orcl|Win32
		{E6C0B939-7B47-4840-98C5-BE41C0972843}.No_Orcl|x86.Build.0 = No_Orcl|Win32
		{E6C0B939-7B47-4840-98C5-BE41C0972843}.Release|Any CPU.ActiveCfg = Release|Win32
		{E6C0B939-7B47-4840-98C5-BE41C0972843}.Release|Mixed Platforms.ActiveCfg = Release|Win32
		{E6C0B939-7B47-4840-98C5-BE41C0972843}.Release|Mixed Platforms.Build.0 = Release|Win32
		{E6C0B939-7B47-4840-98C5-BE41C0972843}.Release|Win32.ActiveCfg = Release|Win32
		{E6C0B939-7B47-4840-98C5-BE41C0972843}.Release|Win32.Build.0 = Release|Win32
		{E6C0B939-7B47-4840-98C5-BE41C0972843}.Release|x64.ActiveCfg = Release|x64
		{E6C0B939-7B47-4840-98C5-BE41C0972843}.Release|x64.Build.0 = Release|x64
		{E6C0B939-7B47-4840-98C5-BE41C0972843}.Release|x86.ActiveCfg = Release|Win32
		{E6C0B939-7B47-4840-98C5-BE41C0972843}.Release|x86.Build.0 = Release|Win32
		{700DD1E1-5A1F-4011-BC3B-717F4C525441}.Debug|Any CPU.ActiveCfg = Debug|Win32
		{700DD1E1-5A1F-4011-BC3B-717F4C525441}.Debug|Mixed Platforms.ActiveCfg = Debug|Win32
		{700DD1E1-5A1F-4011-BC3B-717F4C525441}.Debug|Mixed Platforms.Build.0 = Debug|Win32
		{700DD1E1-5A1F-4011-BC3B-717F4C525441}.Debug|Win32.ActiveCfg = Debug|Win32
		{700DD1E1-5A1F-4011-BC3B-717F4C525441}.Debug|Win32.Build.0 = Debug|Win32
		{700DD1E1-5A1F-4011-BC3B-717F4C525441}.Debug|x64.ActiveCfg = Debug|x64
		{700DD1E1-5A1F-4011-BC3B-717F4C525441}.Debug|x64.Build.0 = Debug|x64
		{700DD1E1-5A1F-4011-BC3B-717F4C525441}.Debug|x86.ActiveCfg = Debug|Win32
		{700DD1E1-5A1F-4011-BC3B-717F4C525441}.Debug|x86.Build.0 = Debug|Win32
		{700DD1E1-5A1F-4011-BC3B-717F4C525441}.No_Orcl|Any CPU.ActiveCfg = No_Orcl|Win32
		{700DD1E1-5A1F-4011-BC3B-717F4C525441}.No_Orcl|Mixed Platforms.ActiveCfg = No_Orcl|Win32
		{700DD1E1-5A1F-4011-BC3B-717F4C525441}.No_Orcl|Mixed Platforms.Build.0 = No_Orcl|Win32
		{700DD1E1-5A1F-4011-BC3B-717F4C525441}.No_Orcl|Win32.ActiveCfg = No_Orcl|Win32
		{700DD1E1-5A1F-4011-BC3B-717F4C525441}.No_Orcl|Win32.Build.0 = No_Orcl|Win32
		{700DD1E1-5A1F-4011-BC3B-717F4C525441}.No_Orcl|x64.ActiveCfg = No_Orcl|x64
		{700DD1E1-5A1F-4011-BC3B-717F4C525441}.No_Orcl|x64.Build.0 = No_Orcl|x64
		{700DD1E1-5A1F-4011-BC3B-717F4C525441}.No_Orcl|x86.ActiveCfg = No_Orcl|Win32
		{700DD1E1-5A1F-4011-BC3B-717F4C525441}.No_Orcl|x86.Build.0 = No_Orcl|Win32
		{700DD1E1-5A1F-4011-BC3B-717F4C525441}.Release|Any CPU.ActiveCfg = Release|Win32
		{700DD1E1-5A1F-4011-BC3B-717F4C525441}.Release|Mixed Platforms.ActiveCfg = Release|Win32
		{700DD1E1-5A1F-4011-BC3B-717F4C525441}.Release|Mixed Platforms.Build.0 = Release|Win32
		{700DD1E1-5A1F-4011-BC3B-717F4C525441}.Release|Win32.ActiveCfg = Release|Win32
		{700DD1E1-5A1F-4011-BC3B-717F4C525441}.Release|Win32.Build.0 = Release|Win32
		{700DD1E1-5A1F-4011-BC3B-717F4C525441}.Release|x64.ActiveCfg = Release|x64
		{700DD1E1-5A1F-4011-BC3B-717F4C525441}.Release|x64.Build.0 = Release|x64
		{700DD1E1-5A1F-4011-BC3B-717F4C525441}.Release|x86.ActiveCfg = Release|Win32
		{700DD1E1-5A1F-4011-BC3B-717F4C525441}.Release|x86.Build.0 = Release|Win32
		{26CA4489-4522-4CDC-8D94-DBF1AAD36C6C}.Debug|Any CPU.ActiveCfg = Debug|Win32
		{26CA4489-4522-4CDC-8D94-DBF1AAD36C6C}.Debug|Mixed Platforms.ActiveCfg = Debug|Win32
		{26CA4489-4522-4CDC-8D94-DBF1AAD36C6C}.Debug|Mixed Platforms.Build.0 = Debug|Win32
		{26CA4489-4522-4CDC-8D94-DBF1AAD36C6C}.Debug|Win32.ActiveCfg = Debug|Win32
		{26CA4489-4522-4CDC-8D94-DBF1AAD36C6C}.Debug|Win32.Build.0 = Debug|Win32
		{26CA4489-4522-4CDC-8D94-DBF1AAD36C6C}.Debug|x64.ActiveCfg = Debug|x64
		{26CA4489-4522-4CDC-8D94-DBF1AAD36C6C}.Debug|x64.Build.0 = Debug|x64
		{26CA4489-4522-4CDC-8D94-DBF1AAD36C6C}.Debug|x86.ActiveCfg = Debug|Win32
		{26CA4489-4522-4CDC-8D94-DBF1AAD36C6C}.Debug|x86.Build.0 = Debug|Win32
		{26CA4489-4522-4CDC-8D94-DBF1AAD36C6C}.No_Orcl|Any CPU.ActiveCfg = No_Orcl|Win32
		{26CA4489-4522-4CDC-8D94-DBF1AAD36C6C}.No_Orcl|Mixed Platforms.ActiveCfg = No_Orcl|Win32
		{26CA4489-4522-4CDC-8D94-DBF1AAD36C6C}.No_Orcl|Mixed Platforms.Build.0 = No_Orcl|Win32
		{26CA4489-4522-4CDC-8D94-DBF1AAD36C6C}.No_Orcl|Win32.ActiveCfg = No_Orcl|Win32
		{26CA4489-4522-4CDC-8D94-DBF1AAD36C6C}.No_Orcl|Win32.Build.0 = No_Orcl|Win32
		{26CA4489-4522-4CDC-8D94-DBF1AAD36C6C}.No_Orcl|x64.ActiveCfg = No_Orcl|x64
		{26CA4489-4522-4CDC-8D94-DBF1AAD36C6C}.No_Orcl|x64.Build.0 = No_Orcl|x64
		{26CA4489-4522-4CDC-8D94-DBF1AAD36C6C}.No_Orcl|x86.ActiveCfg = No_Orcl|Win32
		{26CA4489-4522-4CDC-8D94-DBF1AAD36C6C}.No_Orcl|x86.Build.0 = No_Orcl|Win32
		{26CA4489-4522-4CDC-8D94-DBF1AAD36C6C}.Release|Any CPU.ActiveCfg = Release|Win32
		{26CA4489-4522-4CDC-8D94-DBF1AAD36C6C}.Release|Mixed Platforms.ActiveCfg = Release|Win32
		{26CA4489-4522-4CDC-8D94-DBF1AAD36C6C}.Release|Mixed Platforms.Build.0 = Release|Win32
		{26CA4489-4522-4CDC-8D94-DBF1AAD36C6C}.Release|Win32.ActiveCfg = Release|Win32
		{26CA4489-4522-4CDC-8D94-DBF1AAD36C6C}.Release|Win32.Build.0 = Release|Win32
		{26CA4489-4522-4CDC-8D94-DBF1AAD36C6C}.Release|x64.ActiveCfg = Release|Win32
		{26CA4489-4522-4CDC-8D94-DBF1AAD36C6C}.Release|x86.ActiveCfg = Release|Win32
		{26CA4489-4522-4CDC-8D94-DBF1AAD36C6C}.Release|x86.Build.0 = Release|Win32
		{49C9C826-4B8F-404F-A57C-36DF4A534135}.Debug|Any CPU.ActiveCfg = Debug|Win32
		{49C9C826-4B8F-404F-A57C-36DF4A534135}.Debug|Mixed Platforms.ActiveCfg = Debug|Win32
		{49C9C826-4B8F-404F-A57C-36DF4A534135}.Debug|Mixed Platforms.Build.0 = Debug|Win32
		{49C9C826-4B8F-404F-A57C-36DF4A534135}.Debug|Win32.ActiveCfg = Debug|Win32
		{49C9C826-4B8F-404F-A57C-36DF4A534135}.Debug|Win32.Build.0 = Debug|Win32
		{49C9C826-4B8F-404F-A57C-36DF4A534135}.Debug|x64.ActiveCfg = Debug|x64
		{49C9C826-4B8F-404F-A57C-36DF4A534135}.Debug|x64.Build.0 = Debug|x64
		{49C9C826-4B8F-404F-A57C-36DF4A534135}.Debug|x64.Deploy.0 = Debug|x64
		{49C9C826-4B8F-404F-A57C-36DF4A534135}.Debug|x86.ActiveCfg = Debug|Win32
		{49C9C826-4B8F-404F-A57C-36DF4A534135}.Debug|x86.Build.0 = Debug|Win32
		{49C9C826-4B8F-404F-A57C-36DF4A534135}.No_Orcl|Any CPU.ActiveCfg = No_Orcl|Win32
		{49C9C826-4B8F-404F-A57C-36DF4A534135}.No_Orcl|Mixed Platforms.ActiveCfg = No_Orcl|Win32
		{49C9C826-4B8F-404F-A57C-36DF4A534135}.No_Orcl|Mixed Platforms.Build.0 = No_Orcl|Win32
		{49C9C826-4B8F-404F-A57C-36DF4A534135}.No_Orcl|Win32.ActiveCfg = No_Orcl|Win32
		{49C9C826-4B8F-404F-A57C-36DF4A534135}.No_Orcl|Win32.Build.0 = No_Orcl|Win32
		{49C9C826-4B8F-404F-A57C-36DF4A534135}.No_Orcl|x64.ActiveCfg = No_Orcl|x64
		{49C9C826-4B8F-404F-A57C-36DF4A534135}.No_Orcl|x64.Build.0 = No_Orcl|x64
		{49C9C826-4B8F-404F-A57C-36DF4A534135}.No_Orcl|x86.ActiveCfg = No_Orcl|Win32
		{49C9C826-4B8F-404F-A57C-36DF4A534135}.No_Orcl|x86.Build.0 = No_Orcl|Win32
		{49C9C826-4B8F-404F-A57C-36DF4A534135}.Release|Any CPU.ActiveCfg = Release|Win32
		{49C9C826-4B8F-404F-A57C-36DF4A534135}.Release|Mixed Platforms.ActiveCfg = Release|Win32
		{49C9C826-4B8F-404F-A57C-36DF4A534135}.Release|Mixed Platforms.Build.0 = Release|Win32
		{49C9C826-4B8F-404F-A57C-36DF4A534135}.Release|Win32.ActiveCfg = Release|Win32
		{49C9C826-4B8F-404F-A57C-36DF4A534135}.Release|Win32.Build.0 = Release|Win32
		{49C9C826-4B8F-404F-A57C-36DF4A534135}.Release|x64.ActiveCfg = Release|x64
		{49C9C826-4B8F-404F-A57C-36DF4A534135}.Release|x64.Build.0 = Release|x64
		{49C9C826-4B8F-404F-A57C-36DF4A534135}.Release|x86.ActiveCfg = Release|Win32
		{49C9C826-4B8F-404F-A57C-36DF4A534135}.Release|x86.Build.0 = Release|Win32
		{F28B5056-7CFB-4AC5-B1EE-5408C0B5D553}.Debug|Any CPU.ActiveCfg = Debug|Win32
		{F28B5056-7CFB-4AC5-B1EE-5408C0B5D553}.Debug|Mixed Platforms.ActiveCfg = Debug|Win32
		{F28B5056-7CFB-4AC5-B1EE-5408C0B5D553}.Debug|Mixed Platforms.Build.0 = Debug|Win32
		{F28B5056-7CFB-4AC5-B1EE-5408C0B5D553}.Debug|Win32.ActiveCfg = Debug|Win32
		{F28B5056-7CFB-4AC5-B1EE-5408C0B5D553}.Debug|Win32.Build.0 = Debug|Win32
		{F28B5056-7CFB-4AC5-B1EE-5408C0B5D553}.Debug|x64.ActiveCfg = Debug|x64
		{F28B5056-7CFB-4AC5-B1EE-5408C0B5D553}.Debug|x64.Build.0 = Debug|x64
		{F28B5056-7CFB-4AC5-B1EE-5408C0B5D553}.Debug|x86.ActiveCfg = Debug|Win32
		{F28B5056-7CFB-4AC5-B1EE-5408C0B5D553}.Debug|x86.Build.0 = Debug|Win32
		{F28B5056-7CFB-4AC5-B1EE-5408C0B5D553}.No_Orcl|Any CPU.ActiveCfg = No_Orcl|Win32
		{F28B5056-7CFB-4AC5-B1EE-5408C0B5D553}.No_Orcl|Mixed Platforms.ActiveCfg = No_Orcl|Win32
		{F28B5056-7CFB-4AC5-B1EE-5408C0B5D553}.No_Orcl|Mixed Platforms.Build.0 = No_Orcl|Win32
		{F28B5056-7CFB-4AC5-B1EE-5408C0B5D553}.No_Orcl|Win32.ActiveCfg = No_Orcl|Win32
		{F28B5056-7CFB-4AC5-B1EE-5408C0B5D553}.No_Orcl|Win32.Build.0 = No_Orcl|Win32
		{F28B5056-7CFB-4AC5-B1EE-5408C0B5D553}.No_Orcl|x64.ActiveCfg = No_Orcl|x64
		{F28B5056-7CFB-4AC5-B1EE-5408C0B5D553}.No_Orcl|x64.Build.0 = No_Orcl|x64
		{F28B5056-7CFB-4AC5-B1EE-5408C0B5D553}.No_Orcl|x86.ActiveCfg = No_Orcl|Win32
		{F28B5056-7CFB-4AC5-B1EE-5408C0B5D553}.No_Orcl|x86.Build.0 = No_Orcl|Win32
		{F28B5056-7CFB-4AC5-B1EE-5408C0B5D553}.Release|Any CPU.ActiveCfg = Release|Win32
		{F28B5056-7CFB-4AC5-B1EE-5408C0B5D553}.Release|Mixed Platforms.ActiveCfg = Release|Win32
		{F28B5056-7CFB-4AC5-B1EE-5408C0B5D553}.Release|Mixed Platforms.Build.0 = Release|Win32
		{F28B5056-7CFB-4AC5-B1EE-5408C0B5D553}.Release|Win32.ActiveCfg = Release|Win32
		{F28B5056-7CFB-4AC5-B1EE-5408C0B5D553}.Release|Win32.Build.0 = Release|Win32
		{F28B5056-7CFB-4AC5-B1EE-5408C0B5D553}.Release|x64.ActiveCfg = Release|x64
		{F28B5056-7CFB-4AC5-B1EE-5408C0B5D553}.Release|x64.Build.0 = Release|x64
		{F28B5056-7CFB-4AC5-B1EE-5408C0B5D553}.Release|x86.ActiveCfg = Release|Win32
		{F28B5056-7CFB-4AC5-B1EE-5408C0B5D553}.Release|x86.Build.0 = Release|Win32
		{E241FF15-E576-43A4-BAAE-7C91A5AC72D4}.Debug|Any CPU.ActiveCfg = Debug|Win32
		{E241FF15-E576-43A4-BAAE-7C91A5AC72D4}.Debug|Mixed Platforms.ActiveCfg = Debug|Win32
		{E241FF15-E576-43A4-BAAE-7C91A5AC72D4}.Debug|Mixed Platforms.Build.0 = Debug|Win32
		{E241FF15-E576-43A4-BAAE-7C91A5AC72D4}.Debug|Win32.ActiveCfg = Debug|Win32
		{E241FF15-E576-43A4-BAAE-7C91A5AC72D4}.Debug|Win32.Build.0 = Debug|Win32
		{E241FF15-E576-43A4-BAAE-7C91A5AC72D4}.Debug|x64.ActiveCfg = Debug|x64
		{E241FF15-E576-43A4-BAAE-7C91A5AC72D4}.Debug|x64.Build.0 = Debug|x64
		{E241FF15-E576-43A4-BAAE-7C91A5AC72D4}.Debug|x86.ActiveCfg = Debug|Win32
		{E241FF15-E576-43A4-BAAE-7C91A5AC72D4}.Debug|x86.Build.0 = Debug|Win32
		{E241FF15-E576-43A4-BAAE-7C91A5AC72D4}.No_Orcl|Any CPU.ActiveCfg = No_Orcl|Win32
		{E241FF15-E576-43A4-BAAE-7C91A5AC72D4}.No_Orcl|Mixed Platforms.ActiveCfg = No_Orcl|Win32
		{E241FF15-E576-43A4-BAAE-7C91A5AC72D4}.No_Orcl|Mixed Platforms.Build.0 = No_Orcl|Win32
		{E241FF15-E576-43A4-BAAE-7C91A5AC72D4}.No_Orcl|Win32.ActiveCfg = No_Orcl|Win32
		{E241FF15-E576-43A4-BAAE-7C91A5AC72D4}.No_Orcl|Win32.Build.0 = No_Orcl|Win32
		{E241FF15-E576-43A4-BAAE-7C91A5AC72D4}.No_Orcl|x64.ActiveCfg = No_Orcl|x64
		{E241FF15-E576-43A4-BAAE-7C91A5AC72D4}.No_Orcl|x64.Build.0 = No_Orcl|x64
		{E241FF15-E576-43A4-BAAE-7C91A5AC72D4}.No_Orcl|x86.ActiveCfg = No_Orcl|Win32
		{E241FF15-E576-43A4-BAAE-7C91A5AC72D4}.No_Orcl|x86.Build.0 = No_Orcl|Win32
		{E241FF15-E576-43A4-BAAE-7C91A5AC72D4}.Release|Any CPU.ActiveCfg = Release|Win32
		{E241FF15-E576-43A4-BAAE-7C91A5AC72D4}.Release|Mixed Platforms.ActiveCfg = Release|Win32
		{E241FF15-E576-43A4-BAAE-7C91A5AC72D4}.Release|Mixed Platforms.Build.0 = Release|Win32
		{E241FF15-E576-43A4-BAAE-7C91A5AC72D4}.Release|Win32.ActiveCfg = Release|Win32
		{E241FF15-E576-43A4-BAAE-7C91A5AC72D4}.Release|Win32.Build.0 = Release|Win32
		{E241FF15-E576-43A4-BAAE-7C91A5AC72D4}.Release|x64.ActiveCfg = Release|Win32
		{E241FF15-E576-43A4-BAAE-7C91A5AC72D4}.Release|x86.ActiveCfg = Release|Win32
		{E241FF15-E576-43A4-BAAE-7C91A5AC72D4}.Release|x86.Build.0 = Release|Win32
		{4B5ABBDD-6A78-4268-926C-239453EE0808}.Debug|Any CPU.ActiveCfg = Debug|Win32
		{4B5ABBDD-6A78-4268-926C-239453EE0808}.Debug|Mixed Platforms.ActiveCfg = Debug|Win32
		{4B5ABBDD-6A78-4268-926C-239453EE0808}.Debug|Mixed Platforms.Build.0 = Debug|Win32
		{4B5ABBDD-6A78-4268-926C-239453EE0808}.Debug|Win32.ActiveCfg = Debug|Win32
		{4B5ABBDD-6A78-4268-926C-239453EE0808}.Debug|Win32.Build.0 = Debug|Win32
		{4B5ABBDD-6A78-4268-926C-239453EE0808}.Debug|x64.ActiveCfg = Debug|x64
		{4B5ABBDD-6A78-4268-926C-239453EE0808}.Debug|x64.Build.0 = Debug|x64
		{4B5ABBDD-6A78-4268-926C-239453EE0808}.Debug|x86.ActiveCfg = Debug|Win32
		{4B5ABBDD-6A78-4268-926C-239453EE0808}.Debug|x86.Build.0 = Debug|Win32
		{4B5ABBDD-6A78-4268-926C-239453EE0808}.No_Orcl|Any CPU.ActiveCfg = No_Orcl|Win32
		{4B5ABBDD-6A78-4268-926C-239453EE0808}.No_Orcl|Mixed Platforms.ActiveCfg = No_Orcl|Win32
		{4B5ABBDD-6A78-4268-926C-239453EE0808}.No_Orcl|Mixed Platforms.Build.0 = No_Orcl|Win32
		{4B5ABBDD-6A78-4268-926C-239453EE0808}.No_Orcl|Win32.ActiveCfg = No_Orcl|Win32
		{4B5ABBDD-6A78-4268-926C-239453EE0808}.No_Orcl|Win32.Build.0 = No_Orcl|Win32
		{4B5ABBDD-6A78-4268-926C-239453EE0808}.No_Orcl|x64.ActiveCfg = No_Orcl|x64
		{4B5ABBDD-6A78-4268-926C-239453EE0808}.No_Orcl|x64.Build.0 = No_Orcl|x64
		{4B5ABBDD-6A78-4268-926C-239453EE0808}.No_Orcl|x86.ActiveCfg = No_Orcl|Win32
		{4B5ABBDD-6A78-4268-926C-239453EE0808}.No_Orcl|x86.Build.0 = No_Orcl|Win32
		{4B5ABBDD-6A78-4268-926C-239453EE0808}.Release|Any CPU.ActiveCfg = Release|Win32
		{4B5ABBDD-6A78-4268-926C-239453EE0808}.Release|Mixed Platforms.ActiveCfg = Release|Win32
		{4B5ABBDD-6A78-4268-926C-239453EE0808}.Release|Mixed Platforms.Build.0 = Release|Win32
		{4B5ABBDD-6A78-4268-926C-239453EE0808}.Release|Win32.ActiveCfg = Release|Win32
		{4B5ABBDD-6A78-4268-926C-239453EE0808}.Release|Win32.Build.0 = Release|Win32
		{4B5ABBDD-6A78-4268-926C-239453EE0808}.Release|x64.ActiveCfg = Release|Win32
		{4B5ABBDD-6A78-4268-926C-239453EE0808}.Release|x86.ActiveCfg = Release|Win32
		{4B5ABBDD-6A78-4268-926C-239453EE0808}.Release|x86.Build.0 = Release|Win32
		{B421DC87-731F-41EE-8F22-BA7B90E3A5DB}.Debug|Any CPU.ActiveCfg = Debug|Win32
		{B421DC87-731F-41EE-8F22-BA7B90E3A5DB}.Debug|Mixed Platforms.ActiveCfg = Debug|Win32
		{B421DC87-731F-41EE-8F22-BA7B90E3A5DB}.Debug|Mixed Platforms.Build.0 = Debug|Win32
		{B421DC87-731F-41EE-8F22-BA7B90E3A5DB}.Debug|Win32.ActiveCfg = Debug|Win32
		{B421DC87-731F-41EE-8F22-BA7B90E3A5DB}.Debug|Win32.Build.0 = Debug|Win32
		{B421DC87-731F-41EE-8F22-BA7B90E3A5DB}.Debug|x64.ActiveCfg = Debug|x64
		{B421DC87-731F-41EE-8F22-BA7B90E3A5DB}.Debug|x64.Build.0 = Debug|x64
		{B421DC87-731F-41EE-8F22-BA7B90E3A5DB}.Debug|x86.ActiveCfg = Debug|Win32
		{B421DC87-731F-41EE-8F22-BA7B90E3A5DB}.Debug|x86.Build.0 = Debug|Win32
		{B421DC87-731F-41EE-8F22-BA7B90E3A5DB}.No_Orcl|Any CPU.ActiveCfg = Release|Win32
		{B421DC87-731F-41EE-8F22-BA7B90E3A5DB}.No_Orcl|Mixed Platforms.ActiveCfg = Release|Win32
		{B421DC87-731F-41EE-8F22-BA7B90E3A5DB}.No_Orcl|Mixed Platforms.Build.0 = Release|Win32
		{B421DC87-731F-41EE-8F22-BA7B90E3A5DB}.No_Orcl|Win32.ActiveCfg = Release|Win32
		{B421DC87-731F-41EE-8F22-BA7B90E3A5DB}.No_Orcl|Win32.Build.0 = Release|Win32
		{B421DC87-731F-41EE-8F22-BA7B90E3A5DB}.No_Orcl|x64.ActiveCfg = Release|x64
		{B421DC87-731F-41EE-8F22-BA7B90E3A5DB}.No_Orcl|x64.Build.0 = Release|x64
		{B421DC87-731F-41EE-8F22-BA7B90E3A5DB}.No_Orcl|x86.ActiveCfg = Release|Win32
		{B421DC87-731F-41EE-8F22-BA7B90E3A5DB}.No_Orcl|x86.Build.0 = Release|Win32
		{B421DC87-731F-41EE-8F22-BA7B90E3A5DB}.Release|Any CPU.ActiveCfg = Release|Win32
		{B421DC87-731F-41EE-8F22-BA7B90E3A5DB}.Release|Mixed Platforms.ActiveCfg = Release|Win32
		{B421DC87-731F-41EE-8F22-BA7B90E3A5DB}.Release|Mixed Platforms.Build.0 = Release|Win32
		{B421DC87-731F-41EE-8F22-BA7B90E3A5DB}.Release|Win32.ActiveCfg = Release|Win32
		{B421DC87-731F-41EE-8F22-BA7B90E3A5DB}.Release|Win32.Build.0 = Release|Win32
		{B421DC87-731F-41EE-8F22-BA7B90E3A5DB}.Release|x64.ActiveCfg = Release|x64
		{B421DC87-731F-41EE-8F22-BA7B90E3A5DB}.Release|x64.Build.0 = Release|x64
		{B421DC87-731F-41EE-8F22-BA7B90E3A5DB}.Release|x86.ActiveCfg = Release|Win32
		{B421DC87-731F-41EE-8F22-BA7B90E3A5DB}.Release|x86.Build.0 = Release|Win32
		{C442F696-9618-4A83-BA65-F7124C35FB89}.Debug|Any CPU.ActiveCfg = Debug|Win32
		{C442F696-9618-4A83-BA65-F7124C35FB89}.Debug|Mixed Platforms.ActiveCfg = Debug|Win32
		{C442F696-9618-4A83-BA65-F7124C35FB89}.Debug|Mixed Platforms.Build.0 = Debug|Win32
		{C442F696-9618-4A83-BA65-F7124C35FB89}.Debug|Win32.ActiveCfg = Debug|Win32
		{C442F696-9618-4A83-BA65-F7124C35FB89}.Debug|Win32.Build.0 = Debug|Win32
		{C442F696-9618-4A83-BA65-F7124C35FB89}.Debug|x64.ActiveCfg = Debug|x64
		{C442F696-9618-4A83-BA65-F7124C35FB89}.Debug|x64.Build.0 = Debug|x64
		{C442F696-9618-4A83-BA65-F7124C35FB89}.Debug|x86.ActiveCfg = Debug|Win32
		{C442F696-9618-4A83-BA65-F7124C35FB89}.Debug|x86.Build.0 = Debug|Win32
		{C442F696-9618-4A83-BA65-F7124C35FB89}.No_Orcl|Any CPU.ActiveCfg = Release|x64
		{C442F696-9618-4A83-BA65-F7124C35FB89}.No_Orcl|Any CPU.Build.0 = Release|x64
		{C442F696-9618-4A83-BA65-F7124C35FB89}.No_Orcl|Mixed Platforms.ActiveCfg = Release|Win32
		{C442F696-9618-4A83-BA65-F7124C35FB89}.No_Orcl|Mixed Platforms.Build.0 = Release|Win32
		{C442F696-9618-4A83-BA65-F7124C35FB89}.No_Orcl|Win32.ActiveCfg = Release|Win32
		{C442F696-9618-4A83-BA65-F7124C35FB89}.No_Orcl|Win32.Build.0 = Release|Win32
		{C442F696-9618-4A83-BA65-F7124C35FB89}.No_Orcl|x64.ActiveCfg = Release|x64
		{C442F696-9618-4A83-BA65-F7124C35FB89}.No_Orcl|x64.Build.0 = Release|x64
		{C442F696-9618-4A83-BA65-F7124C35FB89}.No_Orcl|x86.ActiveCfg = Release|Win32
		{C442F696-9618-4A83-BA65-F7124C35FB89}.No_Orcl|x86.Build.0 = Release|Win32
		{C442F696-9618-4A83-BA65-F7124C35FB89}.Release|Any CPU.ActiveCfg = Release|Win32
		{C442F696-9618-4A83-BA65-F7124C35FB89}.Release|Mixed Platforms.ActiveCfg = Release|Win32
		{C442F696-9618-4A83-BA65-F7124C35FB89}.Release|Mixed Platforms.Build.0 = Release|Win32
		{C442F696-9618-4A83-BA65-F7124C35FB89}.Release|Win32.ActiveCfg = Release|Win32
		{C442F696-9618-4A83-BA65-F7124C35FB89}.Release|Win32.Build.0 = Release|Win32
		{C442F696-9618-4A83-BA65-F7124C35FB89}.Release|x64.ActiveCfg = Release|x64
		{C442F696-9618-4A83-BA65-F7124C35FB89}.Release|x64.Build.0 = Release|x64
		{C442F696-9618-4A83-BA65-F7124C35FB89}.Release|x86.ActiveCfg = Release|Win32
		{C442F696-9618-4A83-BA65-F7124C35FB89}.Release|x86.Build.0 = Release|Win32
		{3BA1826D-C2FB-4042-9B71-CC838417330F}.Debug|Any CPU.ActiveCfg = Debug|Win32
		{3BA1826D-C2FB-4042-9B71-CC838417330F}.Debug|Mixed Platforms.ActiveCfg = Debug|Win32
		{3BA1826D-C2FB-4042-9B71-CC838417330F}.Debug|Mixed Platforms.Build.0 = Debug|Win32
		{3BA1826D-C2FB-4042-9B71-CC838417330F}.Debug|Win32.ActiveCfg = Debug|Win32
		{3BA1826D-C2FB-4042-9B71-CC838417330F}.Debug|Win32.Build.0 = Debug|Win32
		{3BA1826D-C2FB-4042-9B71-CC838417330F}.Debug|x64.ActiveCfg = Debug|x64
		{3BA1826D-C2FB-4042-9B71-CC838417330F}.Debug|x64.Build.0 = Debug|x64
		{3BA1826D-C2FB-4042-9B71-CC838417330F}.Debug|x86.ActiveCfg = Debug|Win32
		{3BA1826D-C2FB-4042-9B71-CC838417330F}.Debug|x86.Build.0 = Debug|Win32
		{3BA1826D-C2FB-4042-9B71-CC838417330F}.No_Orcl|Any CPU.ActiveCfg = Release|x64
		{3BA1826D-C2FB-4042-9B71-CC838417330F}.No_Orcl|Any CPU.Build.0 = Release|x64
		{3BA1826D-C2FB-4042-9B71-CC838417330F}.No_Orcl|Mixed Platforms.ActiveCfg = Release|Win32
		{3BA1826D-C2FB-4042-9B71-CC838417330F}.No_Orcl|Mixed Platforms.Build.0 = Release|Win32
		{3BA1826D-C2FB-4042-9B71-CC838417330F}.No_Orcl|Win32.ActiveCfg = Release|Win32
		{3BA1826D-C2FB-4042-9B71-CC838417330F}.No_Orcl|Win32.Build.0 = Release|Win32
		{3BA1826D-C2FB-4042-9B71-CC838417330F}.No_Orcl|x64.ActiveCfg = Release|x64
		{3BA1826D-C2FB-4042-9B71-CC838417330F}.No_Orcl|x64.Build.0 = Release|x64
		{3BA1826D-C2FB-4042-9B71-CC838417330F}.No_Orcl|x86.ActiveCfg = Release|Win32
		{3BA1826D-C2FB-4042-9B71-CC838417330F}.No_Orcl|x86.Build.0 = Release|Win32
		{3BA1826D-C2FB-4042-9B71-CC838417330F}.Release|Any CPU.ActiveCfg = Release|Win32
		{3BA1826D-C2FB-4042-9B71-CC838417330F}.Release|Mixed Platforms.ActiveCfg = Release|Win32
		{3BA1826D-C2FB-4042-9B71-CC838417330F}.Release|Mixed Platforms.Build.0 = Release|Win32
		{3BA1826D-C2FB-4042-9B71-CC838417330F}.Release|Win32.ActiveCfg = Release|Win32
		{3BA1826D-C2FB-4042-9B71-CC838417330F}.Release|Win32.Build.0 = Release|Win32
		{3BA1826D-C2FB-4042-9B71-CC838417330F}.Release|x64.ActiveCfg = Release|x64
		{3BA1826D-C2FB-4042-9B71-CC838417330F}.Release|x64.Build.0 = Release|x64
		{3BA1826D-C2FB-4042-9B71-CC838417330F}.Release|x86.ActiveCfg = Release|Win32
		{3BA1826D-C2FB-4042-9B71-CC838417330F}.Release|x86.Build.0 = Release|Win32
		{4AA374FA-1378-4838-B5CA-F717282AF166}.Debug|Any CPU.ActiveCfg = Debug|Win32
		{4AA374FA-1378-4838-B5CA-F717282AF166}.Debug|Mixed Platforms.ActiveCfg = Debug|Win32
		{4AA374FA-1378-4838-B5CA-F717282AF166}.Debug|Mixed Platforms.Build.0 = Debug|Win32
		{4AA374FA-1378-4838-B5CA-F717282AF166}.Debug|Win32.ActiveCfg = Debug|Win32
		{4AA374FA-1378-4838-B5CA-F717282AF166}.Debug|Win32.Build.0 = Debug|Win32
		{4AA374FA-1378-4838-B5CA-F717282AF166}.Debug|x64.ActiveCfg = Debug|x64
		{4AA374FA-1378-4838-B5CA-F717282AF166}.Debug|x64.Build.0 = Debug|x64
		{4AA374FA-1378-4838-B5CA-F717282AF166}.Debug|x86.ActiveCfg = Debug|Win32
		{4AA374FA-1378-4838-B5CA-F717282AF166}.Debug|x86.Build.0 = Debug|Win32
		{4AA374FA-1378-4838-B5CA-F717282AF166}.No_Orcl|Any CPU.ActiveCfg = Release|x64
		{4AA374FA-1378-4838-B5CA-F717282AF166}.No_Orcl|Any CPU.Build.0 = Release|x64
		{4AA374FA-1378-4838-B5CA-F717282AF166}.No_Orcl|Mixed Platforms.ActiveCfg = Release|Win32
		{4AA374FA-1378-4838-B5CA-F717282AF166}.No_Orcl|Mixed Platforms.Build.0 = Release|Win32
		{4AA374FA-1378-4838-B5CA-F717282AF166}.No_Orcl|Win32.ActiveCfg = Release|Win32
		{4AA374FA-1378-4838-B5CA-F717282AF166}.No_Orcl|Win32.Build.0 = Release|Win32
		{4AA374FA-1378-4838-B5CA-F717282AF166}.No_Orcl|x64.ActiveCfg = Release|x64
		{4AA374FA-1378-4838-B5CA-F717282AF166}.No_Orcl|x64.Build.0 = Release|x64
		{4AA374FA-1378-4838-B5CA-F717282AF166}.No_Orcl|x86.ActiveCfg = Release|Win32
		{4AA374FA-1378-4838-B5CA-F717282AF166}.No_Orcl|x86.Build.0 = Release|Win32
		{4AA374FA-1378-4838-B5CA-F717282AF166}.Release|Any CPU.ActiveCfg = Release|Win32
		{4AA374FA-1378-4838-B5CA-F717282AF166}.Release|Mixed Platforms.ActiveCfg = Release|Win32
		{4AA374FA-1378-4838-B5CA-F717282AF166}.Release|Mixed Platforms.Build.0 = Release|Win32
		{4AA374FA-1378-4838-B5CA-F717282AF166}.Release|Win32.ActiveCfg = Release|Win32
		{4AA374FA-1378-4838-B5CA-F717282AF166}.Release|Win32.Build.0 = Release|Win32
		{4AA374FA-1378-4838-B5CA-F717282AF166}.Release|x64.ActiveCfg = Release|x64
		{4AA374FA-1378-4838-B5CA-F717282AF166}.Release|x64.Build.0 = Release|x64
		{4AA374FA-1378-4838-B5CA-F717282AF166}.Release|x86.ActiveCfg = Release|Win32
		{4AA374FA-1378-4838-B5CA-F717282AF166}.Release|x86.Build.0 = Release|Win32
		{68D511FC-4853-45A8-A9D2-0350AB1575AB}.Debug|Any CPU.ActiveCfg = Debug|Win32
		{68D511FC-4853-45A8-A9D2-0350AB1575AB}.Debug|Mixed Platforms.ActiveCfg = Debug|Win32
		{68D511FC-4853-45A8-A9D2-0350AB1575AB}.Debug|Mixed Platforms.Build.0 = Debug|Win32
		{68D511FC-4853-45A8-A9D2-0350AB1575AB}.Debug|Win32.ActiveCfg = Debug|Win32
		{68D511FC-4853-45A8-A9D2-0350AB1575AB}.Debug|Win32.Build.0 = Debug|Win32
		{68D511FC-4853-45A8-A9D2-0350AB1575AB}.Debug|x64.ActiveCfg = Debug|x64
		{68D511FC-4853-45A8-A9D2-0350AB1575AB}.Debug|x64.Build.0 = Debug|x64
		{68D511FC-4853-45A8-A9D2-0350AB1575AB}.Debug|x86.ActiveCfg = Debug|Win32
		{68D511FC-4853-45A8-A9D2-0350AB1575AB}.Debug|x86.Build.0 = Debug|Win32
		{68D511FC-4853-45A8-A9D2-0350AB1575AB}.No_Orcl|Any CPU.ActiveCfg = Release|x64
		{68D511FC-4853-45A8-A9D2-0350AB1575AB}.No_Orcl|Any CPU.Build.0 = Release|x64
		{68D511FC-4853-45A8-A9D2-0350AB1575AB}.No_Orcl|Mixed Platforms.ActiveCfg = Release|Win32
		{68D511FC-4853-45A8-A9D2-0350AB1575AB}.No_Orcl|Mixed Platforms.Build.0 = Release|Win32
		{68D511FC-4853-45A8-A9D2-0350AB1575AB}.No_Orcl|Win32.ActiveCfg = Release|Win32
		{68D511FC-4853-45A8-A9D2-0350AB1575AB}.No_Orcl|Win32.Build.0 = Release|Win32
		{68D511FC-4853-45A8-A9D2-0350AB1575AB}.No_Orcl|x64.ActiveCfg = Release|x64
		{68D511FC-4853-45A8-A9D2-0350AB1575AB}.No_Orcl|x64.Build.0 = Release|x64
		{68D511FC-4853-45A8-A9D2-0350AB1575AB}.No_Orcl|x86.ActiveCfg = Release|Win32
		{68D511FC-4853-45A8-A9D2-0350AB1575AB}.No_Orcl|x86.Build.0 = Release|Win32
		{68D511FC-4853-45A8-A9D2-0350AB1575AB}.Release|Any CPU.ActiveCfg = Release|Win32
		{68D511FC-4853-45A8-A9D2-0350AB1575AB}.Release|Mixed Platforms.ActiveCfg = Release|Win32
		{68D511FC-4853-45A8-A9D2-0350AB1575AB}.Release|Mixed Platforms.Build.0 = Release|Win32
		{68D511FC-4853-45A8-A9D2-0350AB1575AB}.Release|Win32.ActiveCfg = Release|Win32
		{68D511FC-4853-45A8-A9D2-0350AB1575AB}.Release|Win32.Build.0 = Release|Win32
		{68D511FC-4853-45A8-A9D2-0350AB1575AB}.Release|x64.ActiveCfg = Release|x64
		{68D511FC-4853-45A8-A9D2-0350AB1575AB}.Release|x64.Build.0 = Release|x64
		{68D511FC-4853-45A8-A9D2-0350AB1575AB}.Release|x86.ActiveCfg = Release|Win32
		{68D511FC-4853-45A8-A9D2-0350AB1575AB}.Release|x86.Build.0 = Release|Win32
	EndGlobalSection
	GlobalSection(SolutionProperties) = preSolution
		HideSolutionNode = FALSE
	EndGlobalSection
EndGlobal
