
Microsoft Visual Studio Solution File, Format Version 12.00
# Visual Studio 14
VisualStudioVersion = 14.0.25420.1
MinimumVisualStudioVersion = 10.0.40219.1
Project("{8BC9CEB8-8B4A-11D0-8D11-00A0C91BC942}") = "Tester", "Tester\Tester.vcxproj", "{8FB8A071-A627-40D7-AC00-CEBB27983624}"
	ProjectSection(ProjectDependencies) = postProject
		{DD0F0A37-4355-417A-B021-FDDC57924F54} = {DD0F0A37-4355-417A-B021-FDDC57924F54}
		{E1DE335D-6B10-4297-ABC5-F476B92E88B2} = {E1DE335D-6B10-4297-ABC5-F476B92E88B2}
		{5E6F766E-BD52-43B1-B006-B2845C9F0947} = {5E6F766E-BD52-43B1-B006-B2845C9F0947}
		{03718999-42C7-496D-B3D0-7945F226C79D} = {03718999-42C7-496D-B3D0-7945F226C79D}
	EndProjectSection
EndProject
Project("{2150E333-8FDC-42A3-9474-1A3956D46DE8}") = "Solution Items", "Solution Items", "{B4B36BDB-3E91-4F5B-B797-AF4718B224E8}"
	ProjectSection(SolutionItems) = preProject
		include\Client.h = include\Client.h
		include\CoreCommonLogs.h = include\CoreCommonLogs.h
		include\DataShape.h = include\DataShape.h
		include\DBConnection.h = include\DBConnection.h
		include\ExportDef.h = include\ExportDef.h
		include\FileData.h = include\FileData.h
		include\FXData.h = include\FXData.h
		include\TSF.h = include\TSF.h
	EndProjectSection
EndProject
Project("{8BC9CEB8-8B4A-11D0-8D11-00A0C91BC942}") = "MyUtils", "MyUtils\MyUtils.vcxproj", "{DD0F0A37-4355-417A-B021-FDDC57924F54}"
EndProject
Project("{8BC9CEB8-8B4A-11D0-8D11-00A0C91BC942}") = "MyTimeSeries", "MyTimeSeries\MyTimeSeries.vcxproj", "{5E6F766E-BD52-43B1-B006-B2845C9F0947}"
	ProjectSection(ProjectDependencies) = postProject
		{B421DC87-731F-41EE-8F22-BA7B90E3A5DB} = {B421DC87-731F-41EE-8F22-BA7B90E3A5DB}
	EndProjectSection
EndProject
Project("{8BC9CEB8-8B4A-11D0-8D11-00A0C91BC942}") = "MyDebug", "MyDebug\MyDebug.vcxproj", "{4E4CEE98-0125-46B3-8EDD-CE5B9F470AF4}"
EndProject
Project("{8BC9CEB8-8B4A-11D0-8D11-00A0C91BC942}") = "MyOraUtils", "MyOraUtils\MyOraUtils.vcxproj", "{B421DC87-731F-41EE-8F22-BA7B90E3A5DB}"
	ProjectSection(ProjectDependencies) = postProject
		{DD0F0A37-4355-417A-B021-FDDC57924F54} = {DD0F0A37-4355-417A-B021-FDDC57924F54}
		{4E4CEE98-0125-46B3-8EDD-CE5B9F470AF4} = {4E4CEE98-0125-46B3-8EDD-CE5B9F470AF4}
	EndProjectSection
EndProject
Project("{8BC9CEB8-8B4A-11D0-8D11-00A0C91BC942}") = "MyMatrix", "MyMatrix\MyMatrix.vcxproj", "{B7125AD0-61F4-4A4E-A931-C7C846D9BF3A}"
EndProject
Project("{8BC9CEB8-8B4A-11D0-8D11-00A0C91BC942}") = "MyNN", "MyNN\MyNN.vcxproj", "{2D8EDBF8-65A8-4482-B122-5E2CD6565C35}"
	ProjectSection(ProjectDependencies) = postProject
		{32294520-9F47-4D3C-99AD-5E5E9D9FBC61} = {32294520-9F47-4D3C-99AD-5E5E9D9FBC61}
		{E1DE335D-6B10-4297-ABC5-F476B92E88B2} = {E1DE335D-6B10-4297-ABC5-F476B92E88B2}
		{B7125AD0-61F4-4A4E-A931-C7C846D9BF3A} = {B7125AD0-61F4-4A4E-A931-C7C846D9BF3A}
	EndProjectSection
EndProject
Project("{8BC9CEB8-8B4A-11D0-8D11-00A0C91BC942}") = "MyEngines", "MyEngines\MyEngines.vcxproj", "{32294520-9F47-4D3C-99AD-5E5E9D9FBC61}"
	ProjectSection(ProjectDependencies) = postProject
		{E1DE335D-6B10-4297-ABC5-F476B92E88B2} = {E1DE335D-6B10-4297-ABC5-F476B92E88B2}
	EndProjectSection
EndProject
Project("{8BC9CEB8-8B4A-11D0-8D11-00A0C91BC942}") = "MyForecast", "MyForecast\MyForecast.vcxproj", "{03718999-42C7-496D-B3D0-7945F226C79D}"
	ProjectSection(ProjectDependencies) = postProject
		{E241FF15-E576-43A4-BAAE-7C91A5AC72D4} = {E241FF15-E576-43A4-BAAE-7C91A5AC72D4}
		{5E6F766E-BD52-43B1-B006-B2845C9F0947} = {5E6F766E-BD52-43B1-B006-B2845C9F0947}
		{4AA5B998-1BBD-43F2-A53F-73B85424500A} = {4AA5B998-1BBD-43F2-A53F-73B85424500A}
		{99D2F899-53DF-4EF4-9B4A-EBFC41E9FC07} = {99D2F899-53DF-4EF4-9B4A-EBFC41E9FC07}
	EndProjectSection
EndProject
Project("{8BC9CEB8-8B4A-11D0-8D11-00A0C91BC942}") = "MyParamMgr", "MyParamMgr\MyParamMgr.vcxproj", "{99D2F899-53DF-4EF4-9B4A-EBFC41E9FC07}"
	ProjectSection(ProjectDependencies) = postProject
		{32294520-9F47-4D3C-99AD-5E5E9D9FBC61} = {32294520-9F47-4D3C-99AD-5E5E9D9FBC61}
		{064A6B3F-B4E8-4F8A-AB8F-B56B674AEE7F} = {064A6B3F-B4E8-4F8A-AB8F-B56B674AEE7F}
		{2D8EDBF8-65A8-4482-B122-5E2CD6565C35} = {2D8EDBF8-65A8-4482-B122-5E2CD6565C35}
	EndProjectSection
EndProject
Project("{8BC9CEB8-8B4A-11D0-8D11-00A0C91BC942}") = "MyDataAbstraction", "MyDataAbstraction\MyDataAbstraction.vcxproj", "{E1DE335D-6B10-4297-ABC5-F476B92E88B2}"
	ProjectSection(ProjectDependencies) = postProject
		{B421DC87-731F-41EE-8F22-BA7B90E3A5DB} = {B421DC87-731F-41EE-8F22-BA7B90E3A5DB}
		{4E4CEE98-0125-46B3-8EDD-CE5B9F470AF4} = {4E4CEE98-0125-46B3-8EDD-CE5B9F470AF4}
		{F59A3AC6-5859-4D10-A1F1-C5849E0825A2} = {F59A3AC6-5859-4D10-A1F1-C5849E0825A2}
	EndProjectSection
EndProject
Project("{8BC9CEB8-8B4A-11D0-8D11-00A0C91BC942}") = "MyWNN", "MyWNN\MyWNN.vcxproj", "{E241FF15-E576-43A4-BAAE-7C91A5AC72D4}"
	ProjectSection(ProjectDependencies) = postProject
		{DD0F0A37-4355-417A-B021-FDDC57924F54} = {DD0F0A37-4355-417A-B021-FDDC57924F54}
	EndProjectSection
EndProject
Project("{8BC9CEB8-8B4A-11D0-8D11-00A0C91BC942}") = "MySVM", "MySVM\MySVM.vcxproj", "{064A6B3F-B4E8-4F8A-AB8F-B56B674AEE7F}"
EndProject
Project("{8BC9CEB8-8B4A-11D0-8D11-00A0C91BC942}") = "MyGA", "MyGA\MyGA.vcxproj", "{0A7A0370-9893-4D6E-AF1E-C0A88068B0B3}"
EndProject
Project("{8BC9CEB8-8B4A-11D0-8D11-00A0C91BC942}") = "MySOM", "MySOM\MySOM.vcxproj", "{E6C0B939-7B47-4840-98C5-BE41C0972843}"
EndProject
Project("{8BC9CEB8-8B4A-11D0-8D11-00A0C91BC942}") = "MyTxtUtils", "MyTxtUtils\MyTxtUtils.vcxproj", "{F59A3AC6-5859-4D10-A1F1-C5849E0825A2}"
	ProjectSection(ProjectDependencies) = postProject
		{DD0F0A37-4355-417A-B021-FDDC57924F54} = {DD0F0A37-4355-417A-B021-FDDC57924F54}
		{4E4CEE98-0125-46B3-8EDD-CE5B9F470AF4} = {4E4CEE98-0125-46B3-8EDD-CE5B9F470AF4}
	EndProjectSection
EndProject
Project("{8BC9CEB8-8B4A-11D0-8D11-00A0C91BC942}") = "MyXIE", "MyXIE\MyXIE.vcxproj", "{4AA5B998-1BBD-43F2-A53F-73B85424500A}"
EndProject
Project("{8BC9CEB8-8B4A-11D0-8D11-00A0C91BC942}") = "kaz", "kaz\kaz.vcxproj", "{1AF7AD59-D488-43C5-BBF9-D20A79C7CE9A}"
EndProject
Global
	GlobalSection(SolutionConfigurationPlatforms) = preSolution
		Debug|x64 = Debug|x64
		Debug|x86 = Debug|x86
		No_Orcl|x64 = No_Orcl|x64
		No_Orcl|x86 = No_Orcl|x86
		Release|x64 = Release|x64
		Release|x86 = Release|x86
	EndGlobalSection
	GlobalSection(ProjectConfigurationPlatforms) = postSolution
		{8FB8A071-A627-40D7-AC00-CEBB27983624}.Debug|x64.ActiveCfg = Debug|x64
		{8FB8A071-A627-40D7-AC00-CEBB27983624}.Debug|x64.Build.0 = Debug|x64
		{8FB8A071-A627-40D7-AC00-CEBB27983624}.Debug|x86.ActiveCfg = Debug|Win32
		{8FB8A071-A627-40D7-AC00-CEBB27983624}.Debug|x86.Build.0 = Debug|Win32
		{8FB8A071-A627-40D7-AC00-CEBB27983624}.No_Orcl|x64.ActiveCfg = Release|x64
		{8FB8A071-A627-40D7-AC00-CEBB27983624}.No_Orcl|x64.Build.0 = Release|x64
		{8FB8A071-A627-40D7-AC00-CEBB27983624}.No_Orcl|x86.ActiveCfg = Release|Win32
		{8FB8A071-A627-40D7-AC00-CEBB27983624}.No_Orcl|x86.Build.0 = Release|Win32
		{8FB8A071-A627-40D7-AC00-CEBB27983624}.Release|x64.ActiveCfg = Release|x64
		{8FB8A071-A627-40D7-AC00-CEBB27983624}.Release|x64.Build.0 = Release|x64
		{8FB8A071-A627-40D7-AC00-CEBB27983624}.Release|x86.ActiveCfg = Release|Win32
		{8FB8A071-A627-40D7-AC00-CEBB27983624}.Release|x86.Build.0 = Release|Win32
		{DD0F0A37-4355-417A-B021-FDDC57924F54}.Debug|x64.ActiveCfg = Debug|x64
		{DD0F0A37-4355-417A-B021-FDDC57924F54}.Debug|x64.Build.0 = Debug|x64
		{DD0F0A37-4355-417A-B021-FDDC57924F54}.Debug|x86.ActiveCfg = Debug|Win32
		{DD0F0A37-4355-417A-B021-FDDC57924F54}.Debug|x86.Build.0 = Debug|Win32
		{DD0F0A37-4355-417A-B021-FDDC57924F54}.No_Orcl|x64.ActiveCfg = No_Orcl|x64
		{DD0F0A37-4355-417A-B021-FDDC57924F54}.No_Orcl|x64.Build.0 = No_Orcl|x64
		{DD0F0A37-4355-417A-B021-FDDC57924F54}.No_Orcl|x86.ActiveCfg = No_Orcl|Win32
		{DD0F0A37-4355-417A-B021-FDDC57924F54}.No_Orcl|x86.Build.0 = No_Orcl|Win32
		{DD0F0A37-4355-417A-B021-FDDC57924F54}.Release|x64.ActiveCfg = Release|x64
		{DD0F0A37-4355-417A-B021-FDDC57924F54}.Release|x64.Build.0 = Release|x64
		{DD0F0A37-4355-417A-B021-FDDC57924F54}.Release|x86.ActiveCfg = Release|Win32
		{DD0F0A37-4355-417A-B021-FDDC57924F54}.Release|x86.Build.0 = Release|Win32
		{5E6F766E-BD52-43B1-B006-B2845C9F0947}.Debug|x64.ActiveCfg = Debug|x64
		{5E6F766E-BD52-43B1-B006-B2845C9F0947}.Debug|x64.Build.0 = Debug|x64
		{5E6F766E-BD52-43B1-B006-B2845C9F0947}.Debug|x86.ActiveCfg = Debug|Win32
		{5E6F766E-BD52-43B1-B006-B2845C9F0947}.Debug|x86.Build.0 = Debug|Win32
		{5E6F766E-BD52-43B1-B006-B2845C9F0947}.No_Orcl|x64.ActiveCfg = No_Orcl|x64
		{5E6F766E-BD52-43B1-B006-B2845C9F0947}.No_Orcl|x64.Build.0 = No_Orcl|x64
		{5E6F766E-BD52-43B1-B006-B2845C9F0947}.No_Orcl|x86.ActiveCfg = No_Orcl|Win32
		{5E6F766E-BD52-43B1-B006-B2845C9F0947}.No_Orcl|x86.Build.0 = No_Orcl|Win32
		{5E6F766E-BD52-43B1-B006-B2845C9F0947}.Release|x64.ActiveCfg = Release|x64
		{5E6F766E-BD52-43B1-B006-B2845C9F0947}.Release|x64.Build.0 = Release|x64
		{5E6F766E-BD52-43B1-B006-B2845C9F0947}.Release|x86.ActiveCfg = Release|Win32
		{5E6F766E-BD52-43B1-B006-B2845C9F0947}.Release|x86.Build.0 = Release|Win32
		{4E4CEE98-0125-46B3-8EDD-CE5B9F470AF4}.Debug|x64.ActiveCfg = Debug|x64
		{4E4CEE98-0125-46B3-8EDD-CE5B9F470AF4}.Debug|x64.Build.0 = Debug|x64
		{4E4CEE98-0125-46B3-8EDD-CE5B9F470AF4}.Debug|x86.ActiveCfg = Debug|Win32
		{4E4CEE98-0125-46B3-8EDD-CE5B9F470AF4}.Debug|x86.Build.0 = Debug|Win32
		{4E4CEE98-0125-46B3-8EDD-CE5B9F470AF4}.No_Orcl|x64.ActiveCfg = Release|x64
		{4E4CEE98-0125-46B3-8EDD-CE5B9F470AF4}.No_Orcl|x64.Build.0 = Release|x64
		{4E4CEE98-0125-46B3-8EDD-CE5B9F470AF4}.No_Orcl|x86.ActiveCfg = Release|Win32
		{4E4CEE98-0125-46B3-8EDD-CE5B9F470AF4}.No_Orcl|x86.Build.0 = Release|Win32
		{4E4CEE98-0125-46B3-8EDD-CE5B9F470AF4}.Release|x64.ActiveCfg = Release|x64
		{4E4CEE98-0125-46B3-8EDD-CE5B9F470AF4}.Release|x64.Build.0 = Release|x64
		{4E4CEE98-0125-46B3-8EDD-CE5B9F470AF4}.Release|x86.ActiveCfg = Release|Win32
		{4E4CEE98-0125-46B3-8EDD-CE5B9F470AF4}.Release|x86.Build.0 = Release|Win32
		{B421DC87-731F-41EE-8F22-BA7B90E3A5DB}.Debug|x64.ActiveCfg = Debug|x64
		{B421DC87-731F-41EE-8F22-BA7B90E3A5DB}.Debug|x64.Build.0 = Debug|x64
		{B421DC87-731F-41EE-8F22-BA7B90E3A5DB}.Debug|x86.ActiveCfg = Debug|Win32
		{B421DC87-731F-41EE-8F22-BA7B90E3A5DB}.Debug|x86.Build.0 = Debug|Win32
		{B421DC87-731F-41EE-8F22-BA7B90E3A5DB}.No_Orcl|x64.ActiveCfg = Release|x64
		{B421DC87-731F-41EE-8F22-BA7B90E3A5DB}.No_Orcl|x64.Build.0 = Release|x64
		{B421DC87-731F-41EE-8F22-BA7B90E3A5DB}.No_Orcl|x86.ActiveCfg = Release|Win32
		{B421DC87-731F-41EE-8F22-BA7B90E3A5DB}.No_Orcl|x86.Build.0 = Release|Win32
		{B421DC87-731F-41EE-8F22-BA7B90E3A5DB}.Release|x64.ActiveCfg = Release|x64
		{B421DC87-731F-41EE-8F22-BA7B90E3A5DB}.Release|x64.Build.0 = Release|x64
		{B421DC87-731F-41EE-8F22-BA7B90E3A5DB}.Release|x86.ActiveCfg = Release|Win32
		{B421DC87-731F-41EE-8F22-BA7B90E3A5DB}.Release|x86.Build.0 = Release|Win32
		{B7125AD0-61F4-4A4E-A931-C7C846D9BF3A}.Debug|x64.ActiveCfg = Debug|x64
		{B7125AD0-61F4-4A4E-A931-C7C846D9BF3A}.Debug|x64.Build.0 = Debug|x64
		{B7125AD0-61F4-4A4E-A931-C7C846D9BF3A}.Debug|x86.ActiveCfg = Debug|Win32
		{B7125AD0-61F4-4A4E-A931-C7C846D9BF3A}.Debug|x86.Build.0 = Debug|Win32
		{B7125AD0-61F4-4A4E-A931-C7C846D9BF3A}.No_Orcl|x64.ActiveCfg = No_Orcl|x64
		{B7125AD0-61F4-4A4E-A931-C7C846D9BF3A}.No_Orcl|x64.Build.0 = No_Orcl|x64
		{B7125AD0-61F4-4A4E-A931-C7C846D9BF3A}.No_Orcl|x86.ActiveCfg = No_Orcl|Win32
		{B7125AD0-61F4-4A4E-A931-C7C846D9BF3A}.No_Orcl|x86.Build.0 = No_Orcl|Win32
		{B7125AD0-61F4-4A4E-A931-C7C846D9BF3A}.Release|x64.ActiveCfg = Release|x64
		{B7125AD0-61F4-4A4E-A931-C7C846D9BF3A}.Release|x64.Build.0 = Release|x64
		{B7125AD0-61F4-4A4E-A931-C7C846D9BF3A}.Release|x86.ActiveCfg = Release|Win32
		{B7125AD0-61F4-4A4E-A931-C7C846D9BF3A}.Release|x86.Build.0 = Release|Win32
		{2D8EDBF8-65A8-4482-B122-5E2CD6565C35}.Debug|x64.ActiveCfg = Debug|x64
		{2D8EDBF8-65A8-4482-B122-5E2CD6565C35}.Debug|x64.Build.0 = Debug|x64
		{2D8EDBF8-65A8-4482-B122-5E2CD6565C35}.Debug|x86.ActiveCfg = Debug|Win32
		{2D8EDBF8-65A8-4482-B122-5E2CD6565C35}.Debug|x86.Build.0 = Debug|Win32
		{2D8EDBF8-65A8-4482-B122-5E2CD6565C35}.No_Orcl|x64.ActiveCfg = Release|x64
		{2D8EDBF8-65A8-4482-B122-5E2CD6565C35}.No_Orcl|x64.Build.0 = Release|x64
		{2D8EDBF8-65A8-4482-B122-5E2CD6565C35}.No_Orcl|x86.ActiveCfg = Release|Win32
		{2D8EDBF8-65A8-4482-B122-5E2CD6565C35}.No_Orcl|x86.Build.0 = Release|Win32
		{2D8EDBF8-65A8-4482-B122-5E2CD6565C35}.Release|x64.ActiveCfg = Release|x64
		{2D8EDBF8-65A8-4482-B122-5E2CD6565C35}.Release|x64.Build.0 = Release|x64
		{2D8EDBF8-65A8-4482-B122-5E2CD6565C35}.Release|x86.ActiveCfg = Release|Win32
		{2D8EDBF8-65A8-4482-B122-5E2CD6565C35}.Release|x86.Build.0 = Release|Win32
		{32294520-9F47-4D3C-99AD-5E5E9D9FBC61}.Debug|x64.ActiveCfg = Debug|x64
		{32294520-9F47-4D3C-99AD-5E5E9D9FBC61}.Debug|x64.Build.0 = Debug|x64
		{32294520-9F47-4D3C-99AD-5E5E9D9FBC61}.Debug|x86.ActiveCfg = Debug|Win32
		{32294520-9F47-4D3C-99AD-5E5E9D9FBC61}.Debug|x86.Build.0 = Debug|Win32
		{32294520-9F47-4D3C-99AD-5E5E9D9FBC61}.No_Orcl|x64.ActiveCfg = Release|x64
		{32294520-9F47-4D3C-99AD-5E5E9D9FBC61}.No_Orcl|x64.Build.0 = Release|x64
		{32294520-9F47-4D3C-99AD-5E5E9D9FBC61}.No_Orcl|x86.ActiveCfg = Release|Win32
		{32294520-9F47-4D3C-99AD-5E5E9D9FBC61}.No_Orcl|x86.Build.0 = Release|Win32
		{32294520-9F47-4D3C-99AD-5E5E9D9FBC61}.Release|x64.ActiveCfg = Release|x64
		{32294520-9F47-4D3C-99AD-5E5E9D9FBC61}.Release|x64.Build.0 = Release|x64
		{32294520-9F47-4D3C-99AD-5E5E9D9FBC61}.Release|x86.ActiveCfg = Release|Win32
		{32294520-9F47-4D3C-99AD-5E5E9D9FBC61}.Release|x86.Build.0 = Release|Win32
		{03718999-42C7-496D-B3D0-7945F226C79D}.Debug|x64.ActiveCfg = Debug|x64
		{03718999-42C7-496D-B3D0-7945F226C79D}.Debug|x64.Build.0 = Debug|x64
		{03718999-42C7-496D-B3D0-7945F226C79D}.Debug|x86.ActiveCfg = Debug|Win32
		{03718999-42C7-496D-B3D0-7945F226C79D}.Debug|x86.Build.0 = Debug|Win32
		{03718999-42C7-496D-B3D0-7945F226C79D}.No_Orcl|x64.ActiveCfg = Release|x64
		{03718999-42C7-496D-B3D0-7945F226C79D}.No_Orcl|x64.Build.0 = Release|x64
		{03718999-42C7-496D-B3D0-7945F226C79D}.No_Orcl|x86.ActiveCfg = Release|Win32
		{03718999-42C7-496D-B3D0-7945F226C79D}.No_Orcl|x86.Build.0 = Release|Win32
		{03718999-42C7-496D-B3D0-7945F226C79D}.Release|x64.ActiveCfg = Release|x64
		{03718999-42C7-496D-B3D0-7945F226C79D}.Release|x64.Build.0 = Release|x64
		{03718999-42C7-496D-B3D0-7945F226C79D}.Release|x86.ActiveCfg = Release|Win32
		{03718999-42C7-496D-B3D0-7945F226C79D}.Release|x86.Build.0 = Release|Win32
		{99D2F899-53DF-4EF4-9B4A-EBFC41E9FC07}.Debug|x64.ActiveCfg = Debug|x64
		{99D2F899-53DF-4EF4-9B4A-EBFC41E9FC07}.Debug|x64.Build.0 = Debug|x64
		{99D2F899-53DF-4EF4-9B4A-EBFC41E9FC07}.Debug|x86.ActiveCfg = Debug|Win32
		{99D2F899-53DF-4EF4-9B4A-EBFC41E9FC07}.Debug|x86.Build.0 = Debug|Win32
		{99D2F899-53DF-4EF4-9B4A-EBFC41E9FC07}.No_Orcl|x64.ActiveCfg = Release|x64
		{99D2F899-53DF-4EF4-9B4A-EBFC41E9FC07}.No_Orcl|x64.Build.0 = Release|x64
		{99D2F899-53DF-4EF4-9B4A-EBFC41E9FC07}.No_Orcl|x86.ActiveCfg = Release|Win32
		{99D2F899-53DF-4EF4-9B4A-EBFC41E9FC07}.No_Orcl|x86.Build.0 = Release|Win32
		{99D2F899-53DF-4EF4-9B4A-EBFC41E9FC07}.Release|x64.ActiveCfg = Release|x64
		{99D2F899-53DF-4EF4-9B4A-EBFC41E9FC07}.Release|x64.Build.0 = Release|x64
		{99D2F899-53DF-4EF4-9B4A-EBFC41E9FC07}.Release|x86.ActiveCfg = Release|Win32
		{99D2F899-53DF-4EF4-9B4A-EBFC41E9FC07}.Release|x86.Build.0 = Release|Win32
		{E1DE335D-6B10-4297-ABC5-F476B92E88B2}.Debug|x64.ActiveCfg = Debug|x64
		{E1DE335D-6B10-4297-ABC5-F476B92E88B2}.Debug|x64.Build.0 = Debug|x64
		{E1DE335D-6B10-4297-ABC5-F476B92E88B2}.Debug|x86.ActiveCfg = Debug|Win32
		{E1DE335D-6B10-4297-ABC5-F476B92E88B2}.Debug|x86.Build.0 = Debug|Win32
		{E1DE335D-6B10-4297-ABC5-F476B92E88B2}.No_Orcl|x64.ActiveCfg = Release|x64
		{E1DE335D-6B10-4297-ABC5-F476B92E88B2}.No_Orcl|x64.Build.0 = Release|x64
		{E1DE335D-6B10-4297-ABC5-F476B92E88B2}.No_Orcl|x86.ActiveCfg = Release|Win32
		{E1DE335D-6B10-4297-ABC5-F476B92E88B2}.No_Orcl|x86.Build.0 = Release|Win32
		{E1DE335D-6B10-4297-ABC5-F476B92E88B2}.Release|x64.ActiveCfg = Release|x64
		{E1DE335D-6B10-4297-ABC5-F476B92E88B2}.Release|x64.Build.0 = Release|x64
		{E1DE335D-6B10-4297-ABC5-F476B92E88B2}.Release|x86.ActiveCfg = Release|Win32
		{E1DE335D-6B10-4297-ABC5-F476B92E88B2}.Release|x86.Build.0 = Release|Win32
		{E241FF15-E576-43A4-BAAE-7C91A5AC72D4}.Debug|x64.ActiveCfg = Debug|x64
		{E241FF15-E576-43A4-BAAE-7C91A5AC72D4}.Debug|x64.Build.0 = Debug|x64
		{E241FF15-E576-43A4-BAAE-7C91A5AC72D4}.Debug|x86.ActiveCfg = Debug|Win32
		{E241FF15-E576-43A4-BAAE-7C91A5AC72D4}.Debug|x86.Build.0 = Debug|Win32
		{E241FF15-E576-43A4-BAAE-7C91A5AC72D4}.No_Orcl|x64.ActiveCfg = No_Orcl|x64
		{E241FF15-E576-43A4-BAAE-7C91A5AC72D4}.No_Orcl|x64.Build.0 = No_Orcl|x64
		{E241FF15-E576-43A4-BAAE-7C91A5AC72D4}.No_Orcl|x86.ActiveCfg = No_Orcl|Win32
		{E241FF15-E576-43A4-BAAE-7C91A5AC72D4}.No_Orcl|x86.Build.0 = No_Orcl|Win32
		{E241FF15-E576-43A4-BAAE-7C91A5AC72D4}.Release|x64.ActiveCfg = Release|x64
		{E241FF15-E576-43A4-BAAE-7C91A5AC72D4}.Release|x64.Build.0 = Release|x64
		{E241FF15-E576-43A4-BAAE-7C91A5AC72D4}.Release|x86.ActiveCfg = Release|Win32
		{E241FF15-E576-43A4-BAAE-7C91A5AC72D4}.Release|x86.Build.0 = Release|Win32
		{064A6B3F-B4E8-4F8A-AB8F-B56B674AEE7F}.Debug|x64.ActiveCfg = Debug|x64
		{064A6B3F-B4E8-4F8A-AB8F-B56B674AEE7F}.Debug|x64.Build.0 = Debug|x64
		{064A6B3F-B4E8-4F8A-AB8F-B56B674AEE7F}.Debug|x86.ActiveCfg = Debug|Win32
		{064A6B3F-B4E8-4F8A-AB8F-B56B674AEE7F}.Debug|x86.Build.0 = Debug|Win32
		{064A6B3F-B4E8-4F8A-AB8F-B56B674AEE7F}.No_Orcl|x64.ActiveCfg = Release|x64
		{064A6B3F-B4E8-4F8A-AB8F-B56B674AEE7F}.No_Orcl|x64.Build.0 = Release|x64
		{064A6B3F-B4E8-4F8A-AB8F-B56B674AEE7F}.No_Orcl|x86.ActiveCfg = Release|Win32
		{064A6B3F-B4E8-4F8A-AB8F-B56B674AEE7F}.No_Orcl|x86.Build.0 = Release|Win32
		{064A6B3F-B4E8-4F8A-AB8F-B56B674AEE7F}.Release|x64.ActiveCfg = Release|x64
		{064A6B3F-B4E8-4F8A-AB8F-B56B674AEE7F}.Release|x64.Build.0 = Release|x64
		{064A6B3F-B4E8-4F8A-AB8F-B56B674AEE7F}.Release|x86.ActiveCfg = Release|Win32
		{064A6B3F-B4E8-4F8A-AB8F-B56B674AEE7F}.Release|x86.Build.0 = Release|Win32
		{0A7A0370-9893-4D6E-AF1E-C0A88068B0B3}.Debug|x64.ActiveCfg = Debug|x64
		{0A7A0370-9893-4D6E-AF1E-C0A88068B0B3}.Debug|x64.Build.0 = Debug|x64
		{0A7A0370-9893-4D6E-AF1E-C0A88068B0B3}.Debug|x86.ActiveCfg = Debug|Win32
		{0A7A0370-9893-4D6E-AF1E-C0A88068B0B3}.Debug|x86.Build.0 = Debug|Win32
		{0A7A0370-9893-4D6E-AF1E-C0A88068B0B3}.No_Orcl|x64.ActiveCfg = No_Orcl|x64
		{0A7A0370-9893-4D6E-AF1E-C0A88068B0B3}.No_Orcl|x64.Build.0 = No_Orcl|x64
		{0A7A0370-9893-4D6E-AF1E-C0A88068B0B3}.No_Orcl|x86.ActiveCfg = No_Orcl|Win32
		{0A7A0370-9893-4D6E-AF1E-C0A88068B0B3}.No_Orcl|x86.Build.0 = No_Orcl|Win32
		{0A7A0370-9893-4D6E-AF1E-C0A88068B0B3}.Release|x64.ActiveCfg = Release|x64
		{0A7A0370-9893-4D6E-AF1E-C0A88068B0B3}.Release|x64.Build.0 = Release|x64
		{0A7A0370-9893-4D6E-AF1E-C0A88068B0B3}.Release|x86.ActiveCfg = Release|Win32
		{0A7A0370-9893-4D6E-AF1E-C0A88068B0B3}.Release|x86.Build.0 = Release|Win32
		{E6C0B939-7B47-4840-98C5-BE41C0972843}.Debug|x64.ActiveCfg = Debug|x64
		{E6C0B939-7B47-4840-98C5-BE41C0972843}.Debug|x64.Build.0 = Debug|x64
		{E6C0B939-7B47-4840-98C5-BE41C0972843}.Debug|x86.ActiveCfg = Debug|Win32
		{E6C0B939-7B47-4840-98C5-BE41C0972843}.Debug|x86.Build.0 = Debug|Win32
		{E6C0B939-7B47-4840-98C5-BE41C0972843}.No_Orcl|x64.ActiveCfg = No_Orcl|x64
		{E6C0B939-7B47-4840-98C5-BE41C0972843}.No_Orcl|x64.Build.0 = No_Orcl|x64
		{E6C0B939-7B47-4840-98C5-BE41C0972843}.No_Orcl|x86.ActiveCfg = No_Orcl|Win32
		{E6C0B939-7B47-4840-98C5-BE41C0972843}.No_Orcl|x86.Build.0 = No_Orcl|Win32
		{E6C0B939-7B47-4840-98C5-BE41C0972843}.Release|x64.ActiveCfg = Release|x64
		{E6C0B939-7B47-4840-98C5-BE41C0972843}.Release|x64.Build.0 = Release|x64
		{E6C0B939-7B47-4840-98C5-BE41C0972843}.Release|x86.ActiveCfg = Release|Win32
		{E6C0B939-7B47-4840-98C5-BE41C0972843}.Release|x86.Build.0 = Release|Win32
		{F59A3AC6-5859-4D10-A1F1-C5849E0825A2}.Debug|x64.ActiveCfg = Debug|x64
		{F59A3AC6-5859-4D10-A1F1-C5849E0825A2}.Debug|x64.Build.0 = Debug|x64
		{F59A3AC6-5859-4D10-A1F1-C5849E0825A2}.Debug|x86.ActiveCfg = Debug|Win32
		{F59A3AC6-5859-4D10-A1F1-C5849E0825A2}.Debug|x86.Build.0 = Debug|Win32
		{F59A3AC6-5859-4D10-A1F1-C5849E0825A2}.No_Orcl|x64.ActiveCfg = Release|x64
		{F59A3AC6-5859-4D10-A1F1-C5849E0825A2}.No_Orcl|x64.Build.0 = Release|x64
		{F59A3AC6-5859-4D10-A1F1-C5849E0825A2}.No_Orcl|x86.ActiveCfg = Release|Win32
		{F59A3AC6-5859-4D10-A1F1-C5849E0825A2}.No_Orcl|x86.Build.0 = Release|Win32
		{F59A3AC6-5859-4D10-A1F1-C5849E0825A2}.Release|x64.ActiveCfg = Release|x64
		{F59A3AC6-5859-4D10-A1F1-C5849E0825A2}.Release|x64.Build.0 = Release|x64
		{F59A3AC6-5859-4D10-A1F1-C5849E0825A2}.Release|x86.ActiveCfg = Release|Win32
		{F59A3AC6-5859-4D10-A1F1-C5849E0825A2}.Release|x86.Build.0 = Release|Win32
		{4AA5B998-1BBD-43F2-A53F-73B85424500A}.Debug|x64.ActiveCfg = Debug|x64
		{4AA5B998-1BBD-43F2-A53F-73B85424500A}.Debug|x64.Build.0 = Debug|x64
		{4AA5B998-1BBD-43F2-A53F-73B85424500A}.Debug|x86.ActiveCfg = Debug|Win32
		{4AA5B998-1BBD-43F2-A53F-73B85424500A}.Debug|x86.Build.0 = Debug|Win32
		{4AA5B998-1BBD-43F2-A53F-73B85424500A}.No_Orcl|x64.ActiveCfg = Release|x64
		{4AA5B998-1BBD-43F2-A53F-73B85424500A}.No_Orcl|x64.Build.0 = Release|x64
		{4AA5B998-1BBD-43F2-A53F-73B85424500A}.No_Orcl|x86.ActiveCfg = Release|Win32
		{4AA5B998-1BBD-43F2-A53F-73B85424500A}.No_Orcl|x86.Build.0 = Release|Win32
		{4AA5B998-1BBD-43F2-A53F-73B85424500A}.Release|x64.ActiveCfg = Release|x64
		{4AA5B998-1BBD-43F2-A53F-73B85424500A}.Release|x64.Build.0 = Release|x64
		{4AA5B998-1BBD-43F2-A53F-73B85424500A}.Release|x86.ActiveCfg = Release|Win32
		{4AA5B998-1BBD-43F2-A53F-73B85424500A}.Release|x86.Build.0 = Release|Win32
		{1AF7AD59-D488-43C5-BBF9-D20A79C7CE9A}.Debug|x64.ActiveCfg = Debug|x64
		{1AF7AD59-D488-43C5-BBF9-D20A79C7CE9A}.Debug|x64.Build.0 = Debug|x64
		{1AF7AD59-D488-43C5-BBF9-D20A79C7CE9A}.Debug|x86.ActiveCfg = Debug|Win32
		{1AF7AD59-D488-43C5-BBF9-D20A79C7CE9A}.Debug|x86.Build.0 = Debug|Win32
		{1AF7AD59-D488-43C5-BBF9-D20A79C7CE9A}.No_Orcl|x64.ActiveCfg = Release|x64
		{1AF7AD59-D488-43C5-BBF9-D20A79C7CE9A}.No_Orcl|x64.Build.0 = Release|x64
		{1AF7AD59-D488-43C5-BBF9-D20A79C7CE9A}.No_Orcl|x86.ActiveCfg = Release|Win32
		{1AF7AD59-D488-43C5-BBF9-D20A79C7CE9A}.No_Orcl|x86.Build.0 = Release|Win32
		{1AF7AD59-D488-43C5-BBF9-D20A79C7CE9A}.Release|x64.ActiveCfg = Release|x64
		{1AF7AD59-D488-43C5-BBF9-D20A79C7CE9A}.Release|x64.Build.0 = Release|x64
		{1AF7AD59-D488-43C5-BBF9-D20A79C7CE9A}.Release|x86.ActiveCfg = Release|Win32
		{1AF7AD59-D488-43C5-BBF9-D20A79C7CE9A}.Release|x86.Build.0 = Release|Win32
	EndGlobalSection
	GlobalSection(SolutionProperties) = preSolution
		HideSolutionNode = FALSE
	EndGlobalSection
EndGlobal
